<?xml version="1.0" encoding="utf-8"?>
<Project ToolsVersion="4.0" xmlns="http://schemas.microsoft.com/developer/msbuild/2003">
  <ItemGroup>
    <Filter Include="Source Files">
      <UniqueIdentifier>{4FC737F1-C7A5-4376-A066-2A32D752A2FF}</UniqueIdentifier>
      <Extensions>cpp;c;cc;cxx;def;odl;idl;hpj;bat;asm;asmx</Extensions>
    </Filter>
    <Filter Include="Header Files">
      <UniqueIdentifier>{93995380-89BD-4b04-88EB-625FBE52EBFB}</UniqueIdentifier>
      <Extensions>h;hh;hpp;hxx;hm;inl;inc;xsd</Extensions>
    </Filter>
    <Filter Include="Resource Files">
      <UniqueIdentifier>{67DA6AB6-F800-4c08-8B7A-83BB121AAD01}</UniqueIdentifier>
      <Extensions>rc;ico;cur;bmp;dlg;rc2;rct;bin;rgs;gif;jpg;jpeg;jpe;resx;tiff;tif;png;wav;mfcribbon-ms</Extensions>
    </Filter>
    <Filter Include="Source Files\Image">
      <UniqueIdentifier>{9652247a-3ac0-4f65-b93c-d82ced25eb0f}</UniqueIdentifier>
    </Filter>
    <Filter Include="Source Files\Audio">
      <UniqueIdentifier>{7388437e-01f5-446e-9a57-d1c0c1308082}</UniqueIdentifier>
    </Filter>
    <Filter Include="Header Files\Private">
      <UniqueIdentifier>{e8dee0c2-f468-480b-8440-5502c94ffe8d}</UniqueIdentifier>
    </Filter>
    <Filter Include="Header Files\Private\Image">
      <UniqueIdentifier>{83546ff3-1ef2-44ef-9a7b-5ae84cb30c11}</UniqueIdentifier>
    </Filter>
    <Filter Include="Header Files\Private\Audio">
      <UniqueIdentifier>{76fd2abb-6f10-48df-95be-881eff5aa84c}</UniqueIdentifier>
    </Filter>
  </ItemGroup>
  <ItemGroup>
    <ClInclude Include="..\libPCM\include\libPCM.h">
      <Filter>Header Files</Filter>
    </ClInclude>
    <ClInclude Include="..\libPCM\include\Private\libPCMTypes.h">
      <Filter>Header Files\Private</Filter>
    </ClInclude>
    <ClInclude Include="..\libPCM\include\Private\Image\BMPCommon.h">
      <Filter>Header Files\Private\Image</Filter>
    </ClInclude>
    <ClInclude Include="..\libPCM\include\Private\Image\PXMCommon.h">
      <Filter>Header Files\Private\Image</Filter>
    </ClInclude>
    <ClInclude Include="..\libPCM\include\Private\Audio\AIFCommon.h">
      <Filter>Header Files\Private\Audio</Filter>
    </ClInclude>
    <ClInclude Include="..\libPCM\include\Private\Audio\W64Common.h">
      <Filter>Header Files\Private\Audio</Filter>
    </ClInclude>
    <ClInclude Include="..\libPCM\include\Private\Audio\WAVCommon.h">
      <Filter>Header Files\Private\Audio</Filter>
    </ClInclude>
  </ItemGroup>
  <ItemGroup>
    <ClCompile Include="..\libPCM\src\libPCM.c">
      <Filter>Source Files</Filter>
    </ClCompile>
    <ClCompile Include="..\libPCM\src\Image\BMPDecoder.c">
      <Filter>Source Files\Image</Filter>
    </ClCompile>
    <ClCompile Include="..\libPCM\src\Image\BMPEncoder.c">
      <Filter>Source Files\Image</Filter>
    </ClCompile>
    <ClCompile Include="..\libPCM\src\Image\PXMDecoder.c">
      <Filter>Source Files\Image</Filter>
    </ClCompile>
    <ClCompile Include="..\libPCM\src\Image\PXMEncoder.c">
      <Filter>Source Files\Image</Filter>
    </ClCompile>
    <ClCompile Include="..\libPCM\src\Audio\AIFDecoder.c">
      <Filter>Source Files\Audio</Filter>
    </ClCompile>
    <ClCompile Include="..\libPCM\src\Audio\AIFEncoder.c">
      <Filter>Source Files\Audio</Filter>
    </ClCompile>
    <ClCompile Include="..\libPCM\src\Audio\W64Decoder.c">
      <Filter>Source Files\Audio</Filter>
    </ClCompile>
    <ClCompile Include="..\libPCM\src\Audio\W64Encoder.c">
      <Filter>Source Files\Audio</Filter>
    </ClCompile>
    <ClCompile Include="..\libPCM\src\Audio\WAVDecoder.c">
      <Filter>Source Files\Audio</Filter>
    </ClCompile>
    <ClCompile Include="..\libPCM\src\Audio\WAVEncoder.c">
      <Filter>Source Files\Audio</Filter>
    </ClCompile>
  </ItemGroup>
</Project>