
Microsoft Visual Studio Solution File, Format Version 12.00
# Visual Studio 15
VisualStudioVersion = 15.0.27004.2008
MinimumVisualStudioVersion = 10.0.40219.1
Project("{8BC9CEB8-8B4A-11D0-8D11-00A0C91BC942}") = "libPCM", "libPCM.vcxproj", "{D8ED3D4B-0E91-4944-84B3-4560CAE0CF4C}"
	ProjectSection(ProjectDependencies) = postProject
		{4595E7FD-A17A-47DC-B7C3-E67884442EA7} = {4595E7FD-A17A-47DC-B7C3-E67884442EA7}
	EndProjectSection
EndProject
Project("{8BC9CEB8-8B4A-11D0-8D11-00A0C91BC942}") = "TrimSilence", "TrimSilence.vcxproj", "{A9CFDAF0-6EAB-4A2A-AB3F-405BA7427A02}"
	ProjectSection(ProjectDependencies) = postProject
		{D8ED3D4B-0E91-4944-84B3-4560CAE0CF4C} = {D8ED3D4B-0E91-4944-84B3-4560CAE0CF4C}
		{4595E7FD-A17A-47DC-B7C3-E67884442EA7} = {4595E7FD-A17A-47DC-B7C3-E67884442EA7}
	EndProjectSection
EndProject
Project("{8BC9CEB8-8B4A-11D0-8D11-00A0C91BC942}") = "libBitIO", "..\Dependencies\BitIO\Projects\libBitIO.vcxproj", "{4595E7FD-A17A-47DC-B7C3-E67884442EA7}"
EndProject
Global
	GlobalSection(SolutionConfigurationPlatforms) = preSolution
		Debug|ARM64 = Debug|ARM64
		Debug|x64 = Debug|x64
		Release|ARM64 = Release|ARM64
		Release|x64 = Release|x64
	EndGlobalSection
	GlobalSection(ProjectConfigurationPlatforms) = postSolution
		{D8ED3D4B-0E91-4944-84B3-4560CAE0CF4C}.Debug|ARM64.ActiveCfg = Debug|ARM64
		{D8ED3D4B-0E91-4944-84B3-4560CAE0CF4C}.Debug|x64.ActiveCfg = Debug|x64
		{D8ED3D4B-0E91-4944-84B3-4560CAE0CF4C}.Debug|x64.Build.0 = Debug|x64
		{D8ED3D4B-0E91-4944-84B3-4560CAE0CF4C}.Release|ARM64.ActiveCfg = Release|ARM64
		{D8ED3D4B-0E91-4944-84B3-4560CAE0CF4C}.Release|ARM64.Build.0 = Release|ARM64
		{D8ED3D4B-0E91-4944-84B3-4560CAE0CF4C}.Release|x64.ActiveCfg = Release|x64
		{D8ED3D4B-0E91-4944-84B3-4560CAE0CF4C}.Release|x64.Build.0 = Release|x64
		{A9CFDAF0-6EAB-4A2A-AB3F-405BA7427A02}.Debug|ARM64.ActiveCfg = Debug|ARM64
		{A9CFDAF0-6EAB-4A2A-AB3F-405BA7427A02}.Debug|x64.ActiveCfg = Debug|x64
		{A9CFDAF0-6EAB-4A2A-AB3F-405BA7427A02}.Debug|x64.Build.0 = Debug|x64
		{A9CFDAF0-6EAB-4A2A-AB3F-405BA7427A02}.Release|ARM64.ActiveCfg = Release|ARM64
		{A9CFDAF0-6EAB-4A2A-AB3F-405BA7427A02}.Release|ARM64.Build.0 = Release|ARM64
		{A9CFDAF0-6EAB-4A2A-AB3F-405BA7427A02}.Release|x64.ActiveCfg = Release|x64
		{A9CFDAF0-6EAB-4A2A-AB3F-405BA7427A02}.Release|x64.Build.0 = Release|x64
		{4595E7FD-A17A-47DC-B7C3-E67884442EA7}.Debug|ARM64.ActiveCfg = Debug|ARM64
		{4595E7FD-A17A-47DC-B7C3-E67884442EA7}.Debug|x64.ActiveCfg = Debug|x64
		{4595E7FD-A17A-47DC-B7C3-E67884442EA7}.Debug|x64.Build.0 = Debug|x64
		{4595E7FD-A17A-47DC-B7C3-E67884442EA7}.Release|ARM64.ActiveCfg = Release|ARM64
		{4595E7FD-A17A-47DC-B7C3-E67884442EA7}.Release|ARM64.Build.0 = Release|ARM64
		{4595E7FD-A17A-47DC-B7C3-E67884442EA7}.Release|x64.ActiveCfg = Release|x64
		{4595E7FD-A17A-47DC-B7C3-E67884442EA7}.Release|x64.Build.0 = Release|x64
	EndGlobalSection
	GlobalSection(SolutionProperties) = preSolution
		HideSolutionNode = FALSE
	EndGlobalSection
	GlobalSection(ExtensibilityGlobals) = postSolution
		SolutionGuid = {B6AECAA1-FA72-44CA-9225-92B621244629}
	EndGlobalSection
EndGlobal
