// !$*UTF8*$!
{
	archiveVersion = 1;
	classes = {
	};
	objectVersion = 46;
	objects = {

/* Begin PBXBuildFile section */
		2CE3123D1E7FBA5100E8A4E1 /* WAVEncoder.c in Sources */ = {isa = PBXBuildFile; fileRef = 2CE3123A1E7FBA5100E8A4E1 /* WAVEncoder.c */; };
		2CE3123E1E7FBA5100E8A4E1 /* W64Encoder.c in Sources */ = {isa = PBXBuildFile; fileRef = 2CE3123B1E7FBA5100E8A4E1 /* W64Encoder.c */; };
		2CE3123F1E7FBA5100E8A4E1 /* AIFEncoder.c in Sources */ = {isa = PBXBuildFile; fileRef = 2CE3123C1E7FBA5100E8A4E1 /* AIFEncoder.c */; };
		2CE312431E7FBA6200E8A4E1 /* WAVDecoder.c in Sources */ = {isa = PBXBuildFile; fileRef = 2CE312401E7FBA6200E8A4E1 /* WAVDecoder.c */; };
		2CE312441E7FBA6200E8A4E1 /* W64Decoder.c in Sources */ = {isa = PBXBuildFile; fileRef = 2CE312411E7FBA6200E8A4E1 /* W64Decoder.c */; };
		2CE312451E7FBA6200E8A4E1 /* AIFDecoder.c in Sources */ = {isa = PBXBuildFile; fileRef = 2CE312421E7FBA6200E8A4E1 /* AIFDecoder.c */; };
		2CE312481E7FBA8500E8A4E1 /* libPCM.c in Sources */ = {isa = PBXBuildFile; fileRef = 2CE312471E7FBA8500E8A4E1 /* libPCM.c */; };
		2CE3124C1E7FBA9900E8A4E1 /* AIFCommon.h in Headers */ = {isa = PBXBuildFile; fileRef = 2CE312491E7FBA9900E8A4E1 /* AIFCommon.h */; };
		2CE3124D1E7FBA9900E8A4E1 /* W64Common.h in Headers */ = {isa = PBXBuildFile; fileRef = 2CE3124A1E7FBA9900E8A4E1 /* W64Common.h */; };
		2CE3124E1E7FBA9900E8A4E1 /* WAVCommon.h in Headers */ = {isa = PBXBuildFile; fileRef = 2CE3124B1E7FBA9900E8A4E1 /* WAVCommon.h */; };
		2CE312501E7FBAA200E8A4E1 /* libPCM.h in Headers */ = {isa = PBXBuildFile; fileRef = 2CE3124F1E7FBAA200E8A4E1 /* libPCM.h */; };
/* End PBXBuildFile section */

/* Begin PBXFileReference section */
		2CE3123A1E7FBA5100E8A4E1 /* WAVEncoder.c */ = {isa = PBXFileReference; fileEncoding = 4; lastKnownFileType = sourcecode.c.c; name = WAVEncoder.c; path = ../libPCM/src/Encode/WAVEncoder.c; sourceTree = "<group>"; };
		2CE3123B1E7FBA5100E8A4E1 /* W64Encoder.c */ = {isa = PBXFileReference; fileEncoding = 4; lastKnownFileType = sourcecode.c.c; name = W64Encoder.c; path = ../libPCM/src/Encode/W64Encoder.c; sourceTree = "<group>"; };
		2CE3123C1E7FBA5100E8A4E1 /* AIFEncoder.c */ = {isa = PBXFileReference; fileEncoding = 4; lastKnownFileType = sourcecode.c.c; name = AIFEncoder.c; path = ../libPCM/src/Encode/AIFEncoder.c; sourceTree = "<group>"; };
		2CE312401E7FBA6200E8A4E1 /* WAVDecoder.c */ = {isa = PBXFileReference; fileEncoding = 4; lastKnownFileType = sourcecode.c.c; name = WAVDecoder.c; path = ../libPCM/src/Decode/WAVDecoder.c; sourceTree = "<group>"; };
		2CE312411E7FBA6200E8A4E1 /* W64Decoder.c */ = {isa = PBXFileReference; fileEncoding = 4; lastKnownFileType = sourcecode.c.c; name = W64Decoder.c; path = ../libPCM/src/Decode/W64Decoder.c; sourceTree = "<group>"; };
		2CE312421E7FBA6200E8A4E1 /* AIFDecoder.c */ = {isa = PBXFileReference; fileEncoding = 4; lastKnownFileType = sourcecode.c.c; name = AIFDecoder.c; path = ../libPCM/src/Decode/AIFDecoder.c; sourceTree = "<group>"; };
		2CE312471E7FBA8500E8A4E1 /* libPCM.c */ = {isa = PBXFileReference; fileEncoding = 4; lastKnownFileType = sourcecode.c.c; name = libPCM.c; path = ../libPCM/src/libPCM.c; sourceTree = "<group>"; };
		2CE312491E7FBA9900E8A4E1 /* AIFCommon.h */ = {isa = PBXFileReference; fileEncoding = 4; lastKnownFileType = sourcecode.c.h; name = AIFCommon.h; path = ../libPCM/include/AIFCommon.h; sourceTree = "<group>"; };
		2CE3124A1E7FBA9900E8A4E1 /* W64Common.h */ = {isa = PBXFileReference; fileEncoding = 4; lastKnownFileType = sourcecode.c.h; name = W64Common.h; path = ../libPCM/include/W64Common.h; sourceTree = "<group>"; };
		2CE3124B1E7FBA9900E8A4E1 /* WAVCommon.h */ = {isa = PBXFileReference; fileEncoding = 4; lastKnownFileType = sourcecode.c.h; name = WAVCommon.h; path = ../libPCM/include/WAVCommon.h; sourceTree = "<group>"; };
		2CE3124F1E7FBAA200E8A4E1 /* libPCM.h */ = {isa = PBXFileReference; fileEncoding = 4; lastKnownFileType = sourcecode.c.h; name = libPCM.h; path = ../libPCM/include/libPCM.h; sourceTree = "<group>"; };
		2CE851771DA99758004F3B90 /* libPCM.a */ = {isa = PBXFileReference; explicitFileType = archive.ar; includeInIndex = 0; path = libPCM.a; sourceTree = BUILT_PRODUCTS_DIR; };
/* End PBXFileReference section */

/* Begin PBXFrameworksBuildPhase section */
		2CE851741DA99758004F3B90 /* Frameworks */ = {
			isa = PBXFrameworksBuildPhase;
			buildActionMask = 2147483647;
			files = (
			);
			runOnlyForDeploymentPostprocessing = 0;
		};
/* End PBXFrameworksBuildPhase section */

/* Begin PBXGroup section */
		2CE312381E7FBA3500E8A4E1 /* Decode */ = {
			isa = PBXGroup;
			children = (
				2CE312401E7FBA6200E8A4E1 /* WAVDecoder.c */,
				2CE312411E7FBA6200E8A4E1 /* W64Decoder.c */,
				2CE312421E7FBA6200E8A4E1 /* AIFDecoder.c */,
			);
			name = Decode;
			sourceTree = "<group>";
		};
		2CE312391E7FBA3B00E8A4E1 /* Encode */ = {
			isa = PBXGroup;
			children = (
				2CE3123A1E7FBA5100E8A4E1 /* WAVEncoder.c */,
				2CE3123B1E7FBA5100E8A4E1 /* W64Encoder.c */,
				2CE3123C1E7FBA5100E8A4E1 /* AIFEncoder.c */,
			);
			name = Encode;
			sourceTree = "<group>";
		};
		2CE8516E1DA99758004F3B90 = {
			isa = PBXGroup;
			children = (
				2CF204121E319AD500C086C8 /* libPCM */,
				2CE851781DA99758004F3B90 /* Products */,
			);
			sourceTree = "<group>";
		};
		2CE851781DA99758004F3B90 /* Products */ = {
			isa = PBXGroup;
			children = (
				2CE851771DA99758004F3B90 /* libPCM.a */,
			);
			name = Products;
			sourceTree = "<group>";
		};
		2CF204121E319AD500C086C8 /* libPCM */ = {
			isa = PBXGroup;
			children = (
				2CF204141E319AE300C086C8 /* Headers */,
				2CF204131E319ADC00C086C8 /* Source */,
			);
			name = libPCM;
			sourceTree = "<group>";
		};
		2CF204131E319ADC00C086C8 /* Source */ = {
			isa = PBXGroup;
			children = (
				2CE312471E7FBA8500E8A4E1 /* libPCM.c */,
				2CE312391E7FBA3B00E8A4E1 /* Encode */,
				2CE312381E7FBA3500E8A4E1 /* Decode */,
			);
			name = Source;
			sourceTree = "<group>";
		};
		2CF204141E319AE300C086C8 /* Headers */ = {
			isa = PBXGroup;
			children = (
				2CE3124F1E7FBAA200E8A4E1 /* libPCM.h */,
				2CE312491E7FBA9900E8A4E1 /* AIFCommon.h */,
				2CE3124A1E7FBA9900E8A4E1 /* W64Common.h */,
				2CE3124B1E7FBA9900E8A4E1 /* WAVCommon.h */,
			);
			name = Headers;
			sourceTree = "<group>";
		};
/* End PBXGroup section */

/* Begin PBXHeadersBuildPhase section */
		2CE851751DA99758004F3B90 /* Headers */ = {
			isa = PBXHeadersBuildPhase;
			buildActionMask = 2147483647;
			files = (
				2CE3124C1E7FBA9900E8A4E1 /* AIFCommon.h in Headers */,
				2CE312501E7FBAA200E8A4E1 /* libPCM.h in Headers */,
				2CE3124E1E7FBA9900E8A4E1 /* WAVCommon.h in Headers */,
				2CE3124D1E7FBA9900E8A4E1 /* W64Common.h in Headers */,
			);
			runOnlyForDeploymentPostprocessing = 0;
		};
/* End PBXHeadersBuildPhase section */

/* Begin PBXNativeTarget section */
		2CE851761DA99758004F3B90 /* PCM */ = {
			isa = PBXNativeTarget;
			buildConfigurationList = 2CE8517B1DA99758004F3B90 /* Build configuration list for PBXNativeTarget "PCM" */;
			buildPhases = (
				2CE851731DA99758004F3B90 /* Sources */,
				2CE851741DA99758004F3B90 /* Frameworks */,
				2CE851751DA99758004F3B90 /* Headers */,
			);
			buildRules = (
			);
			dependencies = (
			);
			name = PCM;
			productName = PCM;
			productReference = 2CE851771DA99758004F3B90 /* libPCM.a */;
			productType = "com.apple.product-type.library.static";
		};
/* End PBXNativeTarget section */

/* Begin PBXProject section */
		2CE8516F1DA99758004F3B90 /* Project object */ = {
			isa = PBXProject;
			attributes = {
				LastUpgradeCheck = 0820;
				ORGANIZATIONNAME = "Marcus Johnson";
				TargetAttributes = {
					2CE851761DA99758004F3B90 = {
						CreatedOnToolsVersion = 8.0;
						DevelopmentTeam = 628J9L7WK5;
						ProvisioningStyle = Automatic;
					};
				};
			};
			buildConfigurationList = 2CE851721DA99758004F3B90 /* Build configuration list for PBXProject "PCM" */;
			compatibilityVersion = "Xcode 3.2";
			developmentRegion = English;
			hasScannedForEncodings = 0;
			knownRegions = (
				en,
			);
			mainGroup = 2CE8516E1DA99758004F3B90;
			productRefGroup = 2CE851781DA99758004F3B90 /* Products */;
			projectDirPath = "";
			projectRoot = "";
			targets = (
				2CE851761DA99758004F3B90 /* PCM */,
			);
		};
/* End PBXProject section */

/* Begin PBXSourcesBuildPhase section */
		2CE851731DA99758004F3B90 /* Sources */ = {
			isa = PBXSourcesBuildPhase;
			buildActionMask = 2147483647;
			files = (
				2CE3123D1E7FBA5100E8A4E1 /* WAVEncoder.c in Sources */,
				2CE312431E7FBA6200E8A4E1 /* WAVDecoder.c in Sources */,
				2CE3123F1E7FBA5100E8A4E1 /* AIFEncoder.c in Sources */,
				2CE312481E7FBA8500E8A4E1 /* libPCM.c in Sources */,
				2CE312451E7FBA6200E8A4E1 /* AIFDecoder.c in Sources */,
				2CE312441E7FBA6200E8A4E1 /* W64Decoder.c in Sources */,
				2CE3123E1E7FBA5100E8A4E1 /* W64Encoder.c in Sources */,
			);
			runOnlyForDeploymentPostprocessing = 0;
		};
/* End PBXSourcesBuildPhase section */

/* Begin XCBuildConfiguration section */
		2CE851791DA99758004F3B90 /* Debug */ = {
			isa = XCBuildConfiguration;
			buildSettings = {
				ALWAYS_SEARCH_USER_PATHS = NO;
				CLANG_ANALYZER_NONNULL = YES;
				CLANG_CXX_LANGUAGE_STANDARD = "gnu++0x";
				CLANG_CXX_LIBRARY = "libc++";
				CLANG_ENABLE_MODULES = YES;
				CLANG_ENABLE_OBJC_ARC = YES;
				CLANG_WARN_BOOL_CONVERSION = YES;
				CLANG_WARN_CONSTANT_CONVERSION = YES;
				CLANG_WARN_DIRECT_OBJC_ISA_USAGE = YES_ERROR;
				CLANG_WARN_DOCUMENTATION_COMMENTS = YES;
				CLANG_WARN_EMPTY_BODY = YES;
				CLANG_WARN_ENUM_CONVERSION = YES;
				CLANG_WARN_INFINITE_RECURSION = YES;
				CLANG_WARN_INT_CONVERSION = YES;
				CLANG_WARN_OBJC_ROOT_CLASS = YES_ERROR;
				CLANG_WARN_SUSPICIOUS_MOVE = YES;
				CLANG_WARN_SUSPICIOUS_MOVES = YES;
				CLANG_WARN_UNREACHABLE_CODE = YES;
				CLANG_WARN__DUPLICATE_METHOD_MATCH = YES;
				CODE_SIGN_IDENTITY = "Mac Developer: bumblebritches571@gmail.com (JLFPN349F8)";
				COPY_PHASE_STRIP = NO;
				DEAD_CODE_STRIPPING = YES;
				DEBUG_INFORMATION_FORMAT = dwarf;
				DEVELOPMENT_TEAM = 628J9L7WK5;
				ENABLE_STRICT_OBJC_MSGSEND = YES;
				ENABLE_TESTABILITY = YES;
				GCC_C_LANGUAGE_STANDARD = gnu99;
				GCC_DYNAMIC_NO_PIC = NO;
				GCC_NO_COMMON_BLOCKS = YES;
				GCC_OPTIMIZATION_LEVEL = 0;
				GCC_PREPROCESSOR_DEFINITIONS = (
					"DEBUG=1",
					"$(inherited)",
				);
				GCC_WARN_64_TO_32_BIT_CONVERSION = NO;
				GCC_WARN_ABOUT_RETURN_TYPE = YES_ERROR;
				GCC_WARN_UNDECLARED_SELECTOR = YES;
				GCC_WARN_UNINITIALIZED_AUTOS = YES_AGGRESSIVE;
				GCC_WARN_UNUSED_FUNCTION = YES;
				GCC_WARN_UNUSED_VARIABLE = YES;
				MACOSX_DEPLOYMENT_TARGET = 10.11;
				MTL_ENABLE_DEBUG_INFO = YES;
				ONLY_ACTIVE_ARCH = YES;
				SDKROOT = macosx;
			};
			name = Debug;
		};
		2CE8517A1DA99758004F3B90 /* Release */ = {
			isa = XCBuildConfiguration;
			buildSettings = {
				ALWAYS_SEARCH_USER_PATHS = NO;
				CLANG_ANALYZER_NONNULL = YES;
				CLANG_CXX_LANGUAGE_STANDARD = "gnu++0x";
				CLANG_CXX_LIBRARY = "libc++";
				CLANG_ENABLE_MODULES = YES;
				CLANG_ENABLE_OBJC_ARC = YES;
				CLANG_WARN_BOOL_CONVERSION = YES;
				CLANG_WARN_CONSTANT_CONVERSION = YES;
				CLANG_WARN_DIRECT_OBJC_ISA_USAGE = YES_ERROR;
				CLANG_WARN_DOCUMENTATION_COMMENTS = YES;
				CLANG_WARN_EMPTY_BODY = YES;
				CLANG_WARN_ENUM_CONVERSION = YES;
				CLANG_WARN_INFINITE_RECURSION = YES;
				CLANG_WARN_INT_CONVERSION = YES;
				CLANG_WARN_OBJC_ROOT_CLASS = YES_ERROR;
				CLANG_WARN_SUSPICIOUS_MOVE = YES;
				CLANG_WARN_SUSPICIOUS_MOVES = YES;
				CLANG_WARN_UNREACHABLE_CODE = YES;
				CLANG_WARN__DUPLICATE_METHOD_MATCH = YES;
				CODE_SIGN_IDENTITY = "Mac Developer: bumblebritches571@gmail.com (JLFPN349F8)";
				COPY_PHASE_STRIP = NO;
				DEAD_CODE_STRIPPING = YES;
				DEBUG_INFORMATION_FORMAT = "dwarf-with-dsym";
				DEVELOPMENT_TEAM = 628J9L7WK5;
				ENABLE_NS_ASSERTIONS = NO;
				ENABLE_STRICT_OBJC_MSGSEND = YES;
				GCC_C_LANGUAGE_STANDARD = gnu99;
				GCC_NO_COMMON_BLOCKS = YES;
				GCC_OPTIMIZATION_LEVEL = fast;
				GCC_WARN_64_TO_32_BIT_CONVERSION = NO;
				GCC_WARN_ABOUT_RETURN_TYPE = YES_ERROR;
				GCC_WARN_UNDECLARED_SELECTOR = YES;
				GCC_WARN_UNINITIALIZED_AUTOS = YES_AGGRESSIVE;
				GCC_WARN_UNUSED_FUNCTION = YES;
				GCC_WARN_UNUSED_VARIABLE = YES;
				MACOSX_DEPLOYMENT_TARGET = 10.11;
				MTL_ENABLE_DEBUG_INFO = NO;
				SDKROOT = macosx;
			};
			name = Release;
		};
		2CE8517C1DA99758004F3B90 /* Debug */ = {
			isa = XCBuildConfiguration;
			buildSettings = {
				EXECUTABLE_PREFIX = lib;
				PRODUCT_NAME = "$(TARGET_NAME)";
			};
			name = Debug;
		};
		2CE8517D1DA99758004F3B90 /* Release */ = {
			isa = XCBuildConfiguration;
			buildSettings = {
				EXECUTABLE_PREFIX = lib;
				PRODUCT_NAME = "$(TARGET_NAME)";
			};
			name = Release;
		};
/* End XCBuildConfiguration section */

/* Begin XCConfigurationList section */
		2CE851721DA99758004F3B90 /* Build configuration list for PBXProject "PCM" */ = {
			isa = XCConfigurationList;
			buildConfigurations = (
				2CE851791DA99758004F3B90 /* Debug */,
				2CE8517A1DA99758004F3B90 /* Release */,
			);
			defaultConfigurationIsVisible = 0;
			defaultConfigurationName = Release;
		};
		2CE8517B1DA99758004F3B90 /* Build configuration list for PBXNativeTarget "PCM" */ = {
			isa = XCConfigurationList;
			buildConfigurations = (
				2CE8517C1DA99758004F3B90 /* Debug */,
				2CE8517D1DA99758004F3B90 /* Release */,
			);
			defaultConfigurationIsVisible = 0;
			defaultConfigurationName = Release;
		};
/* End XCConfigurationList section */
	};
	rootObject = 2CE8516F1DA99758004F3B90 /* Project object */;
}
