// !$*UTF8*$!
{
	archiveVersion = 1;
	classes = {
	};
	objectVersion = 46;
	objects = {

/* Begin PBXBuildFile section */
		2C03EDAF1F9F6DCD0033FDB1 /* libBitIO.a in Frameworks */ = {isa = PBXBuildFile; fileRef = 2C0FB6951E8453E5005DEE50 /* libBitIO.a */; };
		2C9E710C1F39659800295B3C /* libPCM.c in Sources */ = {isa = PBXBuildFile; fileRef = 2C9E710B1F39659800295B3C /* libPCM.c */; };
		2CAB0F901E948138007FAB96 /* libPCM.h in Headers */ = {isa = PBXBuildFile; fileRef = 2CE3124F1E7FBAA200E8A4E1 /* libPCM.h */; };
		2CBF56CD1E84C54100453C02 /* libBitIO.a in Frameworks */ = {isa = PBXBuildFile; fileRef = 2C0FB6951E8453E5005DEE50 /* libBitIO.a */; };
		2CC490321F38094B00C71A65 /* W64Common.h in Headers */ = {isa = PBXBuildFile; fileRef = 2CC4902F1F38094B00C71A65 /* W64Common.h */; };
		2CC490331F38094B00C71A65 /* WAVCommon.h in Headers */ = {isa = PBXBuildFile; fileRef = 2CC490301F38094B00C71A65 /* WAVCommon.h */; };
		2CC490341F38094B00C71A65 /* AIFCommon.h in Headers */ = {isa = PBXBuildFile; fileRef = 2CC490311F38094B00C71A65 /* AIFCommon.h */; };
		2CC490371F38095700C71A65 /* PXMCommon.h in Headers */ = {isa = PBXBuildFile; fileRef = 2CC490351F38095700C71A65 /* PXMCommon.h */; };
		2CC490381F38095700C71A65 /* BMPCommon.h in Headers */ = {isa = PBXBuildFile; fileRef = 2CC490361F38095700C71A65 /* BMPCommon.h */; };
		2CC4903A1F38096300C71A65 /* libPCMTypes.h in Headers */ = {isa = PBXBuildFile; fileRef = 2CC490391F38096300C71A65 /* libPCMTypes.h */; };
		2CC490431F3809E400C71A65 /* WAVDecoder.c in Sources */ = {isa = PBXBuildFile; fileRef = 2CC4903D1F3809E400C71A65 /* WAVDecoder.c */; };
		2CC490441F3809E400C71A65 /* W64Decoder.c in Sources */ = {isa = PBXBuildFile; fileRef = 2CC4903E1F3809E400C71A65 /* W64Decoder.c */; };
		2CC490451F3809E400C71A65 /* W64Encoder.c in Sources */ = {isa = PBXBuildFile; fileRef = 2CC4903F1F3809E400C71A65 /* W64Encoder.c */; };
		2CC490461F3809E400C71A65 /* AIFDecoder.c in Sources */ = {isa = PBXBuildFile; fileRef = 2CC490401F3809E400C71A65 /* AIFDecoder.c */; };
		2CC490471F3809E400C71A65 /* AIFEncoder.c in Sources */ = {isa = PBXBuildFile; fileRef = 2CC490411F3809E400C71A65 /* AIFEncoder.c */; };
		2CC490481F3809E400C71A65 /* WAVEncoder.c in Sources */ = {isa = PBXBuildFile; fileRef = 2CC490421F3809E400C71A65 /* WAVEncoder.c */; };
		2CC4904D1F3809EC00C71A65 /* BMPDecoder.c in Sources */ = {isa = PBXBuildFile; fileRef = 2CC490491F3809EC00C71A65 /* BMPDecoder.c */; };
		2CC4904E1F3809EC00C71A65 /* BMPEncoder.c in Sources */ = {isa = PBXBuildFile; fileRef = 2CC4904A1F3809EC00C71A65 /* BMPEncoder.c */; };
		2CC4904F1F3809EC00C71A65 /* PXMDecoder.c in Sources */ = {isa = PBXBuildFile; fileRef = 2CC4904B1F3809EC00C71A65 /* PXMDecoder.c */; };
		2CC490501F3809EC00C71A65 /* PXMEncoder.c in Sources */ = {isa = PBXBuildFile; fileRef = 2CC4904C1F3809EC00C71A65 /* PXMEncoder.c */; };
		2CD232291EB0ECED005E4D8C /* TrimSilence.c in Sources */ = {isa = PBXBuildFile; fileRef = 2CD232281EB0ECED005E4D8C /* TrimSilence.c */; };
		2CD4D6001EC31E98007F0619 /* libPCM.a in Frameworks */ = {isa = PBXBuildFile; fileRef = 2C3065591E809042009F1A54 /* libPCM.a */; };
/* End PBXBuildFile section */

/* Begin PBXContainerItemProxy section */
		2C0FB6941E8453E5005DEE50 /* PBXContainerItemProxy */ = {
			isa = PBXContainerItemProxy;
			containerPortal = 2C0FB68D1E8453E5005DEE50 /* BitIO.xcodeproj */;
			proxyType = 2;
			remoteGlobalIDString = 2C419FD51E5B00CC00FC804F;
			remoteInfo = libBitIO;
		};
/* End PBXContainerItemProxy section */

/* Begin PBXCopyFilesBuildPhase section */
		2CD2321F1EB0ECDD005E4D8C /* CopyFiles */ = {
			isa = PBXCopyFilesBuildPhase;
			buildActionMask = 2147483647;
			dstPath = /usr/share/man/man1/;
			dstSubfolderSpec = 0;
			files = (
			);
			runOnlyForDeploymentPostprocessing = 1;
		};
/* End PBXCopyFilesBuildPhase section */

/* Begin PBXFileReference section */
		2C0FB68D1E8453E5005DEE50 /* BitIO.xcodeproj */ = {isa = PBXFileReference; lastKnownFileType = "wrapper.pb-project"; name = BitIO.xcodeproj; path = ../Dependencies/BitIO/Projects/BitIO.xcodeproj; sourceTree = "<group>"; };
		2C3065591E809042009F1A54 /* libPCM.a */ = {isa = PBXFileReference; explicitFileType = archive.ar; includeInIndex = 0; path = libPCM.a; sourceTree = BUILT_PRODUCTS_DIR; };
		2C9E710B1F39659800295B3C /* libPCM.c */ = {isa = PBXFileReference; fileEncoding = 4; lastKnownFileType = sourcecode.c.c; name = libPCM.c; path = ../libPCM/src/libPCM.c; sourceTree = "<group>"; };
		2CC4902F1F38094B00C71A65 /* W64Common.h */ = {isa = PBXFileReference; fileEncoding = 4; lastKnownFileType = sourcecode.c.h; name = W64Common.h; path = ../libPCM/include/Private/Audio/W64Common.h; sourceTree = "<group>"; };
		2CC490301F38094B00C71A65 /* WAVCommon.h */ = {isa = PBXFileReference; fileEncoding = 4; lastKnownFileType = sourcecode.c.h; name = WAVCommon.h; path = ../libPCM/include/Private/Audio/WAVCommon.h; sourceTree = "<group>"; };
		2CC490311F38094B00C71A65 /* AIFCommon.h */ = {isa = PBXFileReference; fileEncoding = 4; lastKnownFileType = sourcecode.c.h; name = AIFCommon.h; path = ../libPCM/include/Private/Audio/AIFCommon.h; sourceTree = "<group>"; };
		2CC490351F38095700C71A65 /* PXMCommon.h */ = {isa = PBXFileReference; fileEncoding = 4; lastKnownFileType = sourcecode.c.h; name = PXMCommon.h; path = ../libPCM/include/Private/Image/PXMCommon.h; sourceTree = "<group>"; };
		2CC490361F38095700C71A65 /* BMPCommon.h */ = {isa = PBXFileReference; fileEncoding = 4; lastKnownFileType = sourcecode.c.h; name = BMPCommon.h; path = ../libPCM/include/Private/Image/BMPCommon.h; sourceTree = "<group>"; };
		2CC490391F38096300C71A65 /* libPCMTypes.h */ = {isa = PBXFileReference; fileEncoding = 4; lastKnownFileType = sourcecode.c.h; name = libPCMTypes.h; path = ../libPCM/include/Private/libPCMTypes.h; sourceTree = "<group>"; };
		2CC4903D1F3809E400C71A65 /* WAVDecoder.c */ = {isa = PBXFileReference; fileEncoding = 4; lastKnownFileType = sourcecode.c.c; name = WAVDecoder.c; path = ../libPCM/src/Audio/WAVDecoder.c; sourceTree = "<group>"; };
		2CC4903E1F3809E400C71A65 /* W64Decoder.c */ = {isa = PBXFileReference; fileEncoding = 4; lastKnownFileType = sourcecode.c.c; name = W64Decoder.c; path = ../libPCM/src/Audio/W64Decoder.c; sourceTree = "<group>"; };
		2CC4903F1F3809E400C71A65 /* W64Encoder.c */ = {isa = PBXFileReference; fileEncoding = 4; lastKnownFileType = sourcecode.c.c; name = W64Encoder.c; path = ../libPCM/src/Audio/W64Encoder.c; sourceTree = "<group>"; };
		2CC490401F3809E400C71A65 /* AIFDecoder.c */ = {isa = PBXFileReference; fileEncoding = 4; lastKnownFileType = sourcecode.c.c; name = AIFDecoder.c; path = ../libPCM/src/Audio/AIFDecoder.c; sourceTree = "<group>"; };
		2CC490411F3809E400C71A65 /* AIFEncoder.c */ = {isa = PBXFileReference; fileEncoding = 4; lastKnownFileType = sourcecode.c.c; name = AIFEncoder.c; path = ../libPCM/src/Audio/AIFEncoder.c; sourceTree = "<group>"; };
		2CC490421F3809E400C71A65 /* WAVEncoder.c */ = {isa = PBXFileReference; fileEncoding = 4; lastKnownFileType = sourcecode.c.c; name = WAVEncoder.c; path = ../libPCM/src/Audio/WAVEncoder.c; sourceTree = "<group>"; };
		2CC490491F3809EC00C71A65 /* BMPDecoder.c */ = {isa = PBXFileReference; fileEncoding = 4; lastKnownFileType = sourcecode.c.c; name = BMPDecoder.c; path = ../libPCM/src/Image/BMPDecoder.c; sourceTree = "<group>"; };
		2CC4904A1F3809EC00C71A65 /* BMPEncoder.c */ = {isa = PBXFileReference; fileEncoding = 4; lastKnownFileType = sourcecode.c.c; name = BMPEncoder.c; path = ../libPCM/src/Image/BMPEncoder.c; sourceTree = "<group>"; };
		2CC4904B1F3809EC00C71A65 /* PXMDecoder.c */ = {isa = PBXFileReference; fileEncoding = 4; lastKnownFileType = sourcecode.c.c; name = PXMDecoder.c; path = ../libPCM/src/Image/PXMDecoder.c; sourceTree = "<group>"; };
		2CC4904C1F3809EC00C71A65 /* PXMEncoder.c */ = {isa = PBXFileReference; fileEncoding = 4; lastKnownFileType = sourcecode.c.c; name = PXMEncoder.c; path = ../libPCM/src/Image/PXMEncoder.c; sourceTree = "<group>"; };
		2CD232211EB0ECDD005E4D8C /* TrimSilence */ = {isa = PBXFileReference; explicitFileType = "compiled.mach-o.executable"; includeInIndex = 0; path = TrimSilence; sourceTree = BUILT_PRODUCTS_DIR; };
		2CD232281EB0ECED005E4D8C /* TrimSilence.c */ = {isa = PBXFileReference; fileEncoding = 4; lastKnownFileType = sourcecode.c.c; name = TrimSilence.c; path = ../TrimSilence/TrimSilence.c; sourceTree = "<group>"; };
		2CE3124F1E7FBAA200E8A4E1 /* libPCM.h */ = {isa = PBXFileReference; fileEncoding = 4; lastKnownFileType = sourcecode.c.h; name = libPCM.h; path = ../libPCM/include/libPCM.h; sourceTree = "<group>"; };
/* End PBXFileReference section */

/* Begin PBXFrameworksBuildPhase section */
		2C3065561E809042009F1A54 /* Frameworks */ = {
			isa = PBXFrameworksBuildPhase;
			buildActionMask = 2147483647;
			files = (
				2CBF56CD1E84C54100453C02 /* libBitIO.a in Frameworks */,
			);
			runOnlyForDeploymentPostprocessing = 0;
		};
		2CD2321E1EB0ECDD005E4D8C /* Frameworks */ = {
			isa = PBXFrameworksBuildPhase;
			buildActionMask = 2147483647;
			files = (
				2C03EDAF1F9F6DCD0033FDB1 /* libBitIO.a in Frameworks */,
				2CD4D6001EC31E98007F0619 /* libPCM.a in Frameworks */,
			);
			runOnlyForDeploymentPostprocessing = 0;
		};
/* End PBXFrameworksBuildPhase section */

/* Begin PBXGroup section */
		2C0FB68C1E8453D5005DEE50 /* Dependencies */ = {
			isa = PBXGroup;
			children = (
				2C0FB68D1E8453E5005DEE50 /* BitIO.xcodeproj */,
			);
			name = Dependencies;
			sourceTree = "<group>";
		};
		2C0FB68E1E8453E5005DEE50 /* Products */ = {
			isa = PBXGroup;
			children = (
				2C0FB6951E8453E5005DEE50 /* libBitIO.a */,
			);
			name = Products;
			sourceTree = "<group>";
		};
		2CA3A9981F0A36FF005771A2 /* Audio */ = {
			isa = PBXGroup;
			children = (
				2CC490311F38094B00C71A65 /* AIFCommon.h */,
				2CC490301F38094B00C71A65 /* WAVCommon.h */,
				2CC4902F1F38094B00C71A65 /* W64Common.h */,
			);
			name = Audio;
			sourceTree = "<group>";
		};
		2CA3A99A1F0A3711005771A2 /* Image */ = {
			isa = PBXGroup;
			children = (
				2CC490361F38095700C71A65 /* BMPCommon.h */,
				2CC490351F38095700C71A65 /* PXMCommon.h */,
			);
			name = Image;
			sourceTree = "<group>";
		};
		2CC4902E1F3808F400C71A65 /* Private */ = {
			isa = PBXGroup;
			children = (
				2CC490391F38096300C71A65 /* libPCMTypes.h */,
				2CA3A9981F0A36FF005771A2 /* Audio */,
				2CA3A99A1F0A3711005771A2 /* Image */,
			);
			name = Private;
			sourceTree = "<group>";
		};
		2CC4903B1F38097300C71A65 /* Image */ = {
			isa = PBXGroup;
			children = (
				2CC490491F3809EC00C71A65 /* BMPDecoder.c */,
				2CC4904A1F3809EC00C71A65 /* BMPEncoder.c */,
				2CC4904B1F3809EC00C71A65 /* PXMDecoder.c */,
				2CC4904C1F3809EC00C71A65 /* PXMEncoder.c */,
			);
			name = Image;
			sourceTree = "<group>";
		};
		2CC4903C1F38097900C71A65 /* Audio */ = {
			isa = PBXGroup;
			children = (
				2CC490401F3809E400C71A65 /* AIFDecoder.c */,
				2CC490411F3809E400C71A65 /* AIFEncoder.c */,
				2CC4903D1F3809E400C71A65 /* WAVDecoder.c */,
				2CC490421F3809E400C71A65 /* WAVEncoder.c */,
				2CC4903E1F3809E400C71A65 /* W64Decoder.c */,
				2CC4903F1F3809E400C71A65 /* W64Encoder.c */,
			);
			name = Audio;
			sourceTree = "<group>";
		};
		2CD2321B1EB0ECB2005E4D8C /* TrimSilence */ = {
			isa = PBXGroup;
			children = (
				2CD232281EB0ECED005E4D8C /* TrimSilence.c */,
			);
			name = TrimSilence;
			sourceTree = "<group>";
		};
		2CE8516E1DA99758004F3B90 = {
			isa = PBXGroup;
			children = (
				2C0FB68C1E8453D5005DEE50 /* Dependencies */,
				2CF204121E319AD500C086C8 /* libPCM */,
				2CD2321B1EB0ECB2005E4D8C /* TrimSilence */,
				2CE851781DA99758004F3B90 /* Products */,
			);
			sourceTree = "<group>";
		};
		2CE851781DA99758004F3B90 /* Products */ = {
			isa = PBXGroup;
			children = (
				2C3065591E809042009F1A54 /* libPCM.a */,
				2CD232211EB0ECDD005E4D8C /* TrimSilence */,
			);
			name = Products;
			sourceTree = "<group>";
		};
		2CF204121E319AD500C086C8 /* libPCM */ = {
			isa = PBXGroup;
			children = (
				2CF204141E319AE300C086C8 /* Headers */,
				2CF204131E319ADC00C086C8 /* Source */,
			);
			name = libPCM;
			sourceTree = "<group>";
		};
		2CF204131E319ADC00C086C8 /* Source */ = {
			isa = PBXGroup;
			children = (
				2C9E710B1F39659800295B3C /* libPCM.c */,
				2CC4903C1F38097900C71A65 /* Audio */,
				2CC4903B1F38097300C71A65 /* Image */,
			);
			name = Source;
			sourceTree = "<group>";
		};
		2CF204141E319AE300C086C8 /* Headers */ = {
			isa = PBXGroup;
			children = (
				2CE3124F1E7FBAA200E8A4E1 /* libPCM.h */,
				2CC4902E1F3808F400C71A65 /* Private */,
			);
			name = Headers;
			sourceTree = "<group>";
		};
/* End PBXGroup section */

/* Begin PBXHeadersBuildPhase section */
		2C3065571E809042009F1A54 /* Headers */ = {
			isa = PBXHeadersBuildPhase;
			buildActionMask = 2147483647;
			files = (
				2CC490381F38095700C71A65 /* BMPCommon.h in Headers */,
				2CC490321F38094B00C71A65 /* W64Common.h in Headers */,
				2CC490331F38094B00C71A65 /* WAVCommon.h in Headers */,
				2CC490341F38094B00C71A65 /* AIFCommon.h in Headers */,
				2CAB0F901E948138007FAB96 /* libPCM.h in Headers */,
				2CC490371F38095700C71A65 /* PXMCommon.h in Headers */,
				2CC4903A1F38096300C71A65 /* libPCMTypes.h in Headers */,
			);
			runOnlyForDeploymentPostprocessing = 0;
		};
/* End PBXHeadersBuildPhase section */

/* Begin PBXNativeTarget section */
		2C3065581E809042009F1A54 /* libPCM */ = {
			isa = PBXNativeTarget;
			buildConfigurationList = 2C30655A1E809042009F1A54 /* Build configuration list for PBXNativeTarget "libPCM" */;
			buildPhases = (
				2C3065551E809042009F1A54 /* Sources */,
				2C3065561E809042009F1A54 /* Frameworks */,
				2C3065571E809042009F1A54 /* Headers */,
			);
			buildRules = (
			);
			dependencies = (
			);
			name = libPCM;
			productName = libPCM;
			productReference = 2C3065591E809042009F1A54 /* libPCM.a */;
			productType = "com.apple.product-type.library.static";
		};
		2CD232201EB0ECDD005E4D8C /* TrimSilence */ = {
			isa = PBXNativeTarget;
			buildConfigurationList = 2CD232251EB0ECDD005E4D8C /* Build configuration list for PBXNativeTarget "TrimSilence" */;
			buildPhases = (
				2CD2321D1EB0ECDD005E4D8C /* Sources */,
				2CD2321E1EB0ECDD005E4D8C /* Frameworks */,
				2CD2321F1EB0ECDD005E4D8C /* CopyFiles */,
			);
			buildRules = (
			);
			dependencies = (
			);
			name = TrimSilence;
			productName = TrimSilence;
			productReference = 2CD232211EB0ECDD005E4D8C /* TrimSilence */;
			productType = "com.apple.product-type.tool";
		};
/* End PBXNativeTarget section */

/* Begin PBXProject section */
		2CE8516F1DA99758004F3B90 /* Project object */ = {
			isa = PBXProject;
			attributes = {
				LastUpgradeCheck = 0900;
				ORGANIZATIONNAME = "Marcus Johnson";
				TargetAttributes = {
					2C3065581E809042009F1A54 = {
						CreatedOnToolsVersion = 8.3;
						DevelopmentTeam = 628J9L7WK5;
						ProvisioningStyle = Automatic;
					};
					2CD232201EB0ECDD005E4D8C = {
						CreatedOnToolsVersion = 8.3.2;
						DevelopmentTeam = 628J9L7WK5;
						ProvisioningStyle = Automatic;
					};
				};
			};
			buildConfigurationList = 2CE851721DA99758004F3B90 /* Build configuration list for PBXProject "libPCM" */;
			compatibilityVersion = "Xcode 3.2";
			developmentRegion = English;
			hasScannedForEncodings = 0;
			knownRegions = (
				en,
			);
			mainGroup = 2CE8516E1DA99758004F3B90;
			productRefGroup = 2CE851781DA99758004F3B90 /* Products */;
			projectDirPath = "";
			projectReferences = (
				{
					ProductGroup = 2C0FB68E1E8453E5005DEE50 /* Products */;
					ProjectRef = 2C0FB68D1E8453E5005DEE50 /* BitIO.xcodeproj */;
				},
			);
			projectRoot = "";
			targets = (
				2C3065581E809042009F1A54 /* libPCM */,
				2CD232201EB0ECDD005E4D8C /* TrimSilence */,
			);
		};
/* End PBXProject section */

/* Begin PBXReferenceProxy section */
		2C0FB6951E8453E5005DEE50 /* libBitIO.a */ = {
			isa = PBXReferenceProxy;
			fileType = archive.ar;
			path = libBitIO.a;
			remoteRef = 2C0FB6941E8453E5005DEE50 /* PBXContainerItemProxy */;
			sourceTree = BUILT_PRODUCTS_DIR;
		};
/* End PBXReferenceProxy section */

/* Begin PBXSourcesBuildPhase section */
		2C3065551E809042009F1A54 /* Sources */ = {
			isa = PBXSourcesBuildPhase;
			buildActionMask = 2147483647;
			files = (
				2CC490441F3809E400C71A65 /* W64Decoder.c in Sources */,
				2CC4904F1F3809EC00C71A65 /* PXMDecoder.c in Sources */,
				2C9E710C1F39659800295B3C /* libPCM.c in Sources */,
				2CC490481F3809E400C71A65 /* WAVEncoder.c in Sources */,
				2CC490451F3809E400C71A65 /* W64Encoder.c in Sources */,
				2CC490431F3809E400C71A65 /* WAVDecoder.c in Sources */,
				2CC4904E1F3809EC00C71A65 /* BMPEncoder.c in Sources */,
				2CC4904D1F3809EC00C71A65 /* BMPDecoder.c in Sources */,
				2CC490461F3809E400C71A65 /* AIFDecoder.c in Sources */,
				2CC490501F3809EC00C71A65 /* PXMEncoder.c in Sources */,
				2CC490471F3809E400C71A65 /* AIFEncoder.c in Sources */,
			);
			runOnlyForDeploymentPostprocessing = 0;
		};
		2CD2321D1EB0ECDD005E4D8C /* Sources */ = {
			isa = PBXSourcesBuildPhase;
			buildActionMask = 2147483647;
			files = (
				2CD232291EB0ECED005E4D8C /* TrimSilence.c in Sources */,
			);
			runOnlyForDeploymentPostprocessing = 0;
		};
/* End PBXSourcesBuildPhase section */

/* Begin XCBuildConfiguration section */
		2C30655B1E809042009F1A54 /* Debug */ = {
			isa = XCBuildConfiguration;
			buildSettings = {
				CLANG_ANALYZER_NUMBER_OBJECT_CONVERSION = NO;
				CODE_SIGN_IDENTITY = "Mac Developer";
				DEVELOPMENT_TEAM = 628J9L7WK5;
				EXECUTABLE_PREFIX = "";
				GCC_WARN_64_TO_32_BIT_CONVERSION = NO;
				MACOSX_DEPLOYMENT_TARGET = 10.10;
				PRODUCT_NAME = "$(TARGET_NAME)";
			};
			name = Debug;
		};
		2C30655C1E809042009F1A54 /* Release */ = {
			isa = XCBuildConfiguration;
			buildSettings = {
				CLANG_ANALYZER_NUMBER_OBJECT_CONVERSION = NO;
				CODE_SIGN_IDENTITY = "Mac Developer";
				DEVELOPMENT_TEAM = 628J9L7WK5;
				EXECUTABLE_PREFIX = "";
				GCC_WARN_64_TO_32_BIT_CONVERSION = NO;
				MACOSX_DEPLOYMENT_TARGET = 10.10;
				PRODUCT_NAME = "$(TARGET_NAME)";
			};
			name = Release;
		};
		2CD232261EB0ECDD005E4D8C /* Debug */ = {
			isa = XCBuildConfiguration;
			buildSettings = {
				CLANG_ANALYZER_NUMBER_OBJECT_CONVERSION = YES_AGGRESSIVE;
				CODE_SIGN_IDENTITY = "Mac Developer";
				DEVELOPMENT_TEAM = 628J9L7WK5;
				GCC_WARN_64_TO_32_BIT_CONVERSION = YES;
				MACOSX_DEPLOYMENT_TARGET = 10.10;
				PRODUCT_NAME = "$(TARGET_NAME)";
			};
			name = Debug;
		};
		2CD232271EB0ECDD005E4D8C /* Release */ = {
			isa = XCBuildConfiguration;
			buildSettings = {
				CLANG_ANALYZER_NUMBER_OBJECT_CONVERSION = YES_AGGRESSIVE;
				CODE_SIGN_IDENTITY = "Mac Developer";
				DEVELOPMENT_TEAM = 628J9L7WK5;
				GCC_WARN_64_TO_32_BIT_CONVERSION = YES;
				MACOSX_DEPLOYMENT_TARGET = 10.10;
				PRODUCT_NAME = "$(TARGET_NAME)";
			};
			name = Release;
		};
		2CE851791DA99758004F3B90 /* Debug */ = {
			isa = XCBuildConfiguration;
			buildSettings = {
				ALWAYS_SEARCH_USER_PATHS = NO;
				CLANG_ANALYZER_NONNULL = YES;
				CLANG_ANALYZER_NUMBER_OBJECT_CONVERSION = NO;
				CLANG_CXX_LANGUAGE_STANDARD = "c++14";
				CLANG_CXX_LIBRARY = "libc++";
				CLANG_ENABLE_MODULES = YES;
				CLANG_ENABLE_OBJC_ARC = YES;
				CLANG_WARN_BLOCK_CAPTURE_AUTORELEASING = YES;
				CLANG_WARN_BOOL_CONVERSION = YES;
				CLANG_WARN_COMMA = YES;
				CLANG_WARN_CONSTANT_CONVERSION = YES;
				CLANG_WARN_DIRECT_OBJC_ISA_USAGE = YES_ERROR;
				CLANG_WARN_DOCUMENTATION_COMMENTS = YES;
				CLANG_WARN_EMPTY_BODY = YES;
				CLANG_WARN_ENUM_CONVERSION = YES;
				CLANG_WARN_INFINITE_RECURSION = YES;
				CLANG_WARN_INT_CONVERSION = YES;
				CLANG_WARN_NON_LITERAL_NULL_CONVERSION = YES;
				CLANG_WARN_OBJC_LITERAL_CONVERSION = YES;
				CLANG_WARN_OBJC_ROOT_CLASS = YES_ERROR;
				CLANG_WARN_RANGE_LOOP_ANALYSIS = YES;
				CLANG_WARN_STRICT_PROTOTYPES = YES;
				CLANG_WARN_SUSPICIOUS_MOVE = YES;
				CLANG_WARN_SUSPICIOUS_MOVES = YES;
				CLANG_WARN_UNREACHABLE_CODE = YES;
				CLANG_WARN__DUPLICATE_METHOD_MATCH = YES;
				CODE_SIGN_IDENTITY = "Mac Developer";
				COPY_PHASE_STRIP = NO;
				DEAD_CODE_STRIPPING = YES;
				DEBUG_INFORMATION_FORMAT = dwarf;
				DEVELOPMENT_TEAM = 628J9L7WK5;
				ENABLE_STRICT_OBJC_MSGSEND = YES;
				ENABLE_TESTABILITY = YES;
				GCC_C_LANGUAGE_STANDARD = c11;
				GCC_DYNAMIC_NO_PIC = NO;
				GCC_NO_COMMON_BLOCKS = YES;
				GCC_OPTIMIZATION_LEVEL = 0;
				GCC_PREPROCESSOR_DEFINITIONS = (
					"DEBUG=1",
					"$(inherited)",
				);
				GCC_WARN_64_TO_32_BIT_CONVERSION = NO;
				GCC_WARN_ABOUT_RETURN_TYPE = YES_ERROR;
				GCC_WARN_UNDECLARED_SELECTOR = YES;
				GCC_WARN_UNINITIALIZED_AUTOS = YES_AGGRESSIVE;
				GCC_WARN_UNUSED_FUNCTION = YES;
				GCC_WARN_UNUSED_VARIABLE = YES;
				IPHONEOS_DEPLOYMENT_TARGET = 9.3;
				LLVM_LTO = YES;
				MACOSX_DEPLOYMENT_TARGET = 10.10;
				MTL_ENABLE_DEBUG_INFO = YES;
				ONLY_ACTIVE_ARCH = YES;
				OTHER_CFLAGS = (
					"-fvectorize",
					"-funroll-loops",
					"-ferror-limit=1024",
					"-Wall",
					"-Wextra",
					"-pedantic",
					"-Weverything",
				);
				SDKROOT = macosx;
				SUPPORTED_PLATFORMS = "macosx iphoneos";
				VALID_ARCHS = "arm64 x86_64";
			};
			name = Debug;
		};
		2CE8517A1DA99758004F3B90 /* Release */ = {
			isa = XCBuildConfiguration;
			buildSettings = {
				ALWAYS_SEARCH_USER_PATHS = NO;
				CLANG_ANALYZER_NONNULL = YES;
				CLANG_ANALYZER_NUMBER_OBJECT_CONVERSION = NO;
				CLANG_CXX_LANGUAGE_STANDARD = "c++14";
				CLANG_CXX_LIBRARY = "libc++";
				CLANG_ENABLE_MODULES = YES;
				CLANG_ENABLE_OBJC_ARC = YES;
				CLANG_WARN_BLOCK_CAPTURE_AUTORELEASING = YES;
				CLANG_WARN_BOOL_CONVERSION = YES;
				CLANG_WARN_COMMA = YES;
				CLANG_WARN_CONSTANT_CONVERSION = YES;
				CLANG_WARN_DIRECT_OBJC_ISA_USAGE = YES_ERROR;
				CLANG_WARN_DOCUMENTATION_COMMENTS = YES;
				CLANG_WARN_EMPTY_BODY = YES;
				CLANG_WARN_ENUM_CONVERSION = YES;
				CLANG_WARN_INFINITE_RECURSION = YES;
				CLANG_WARN_INT_CONVERSION = YES;
				CLANG_WARN_NON_LITERAL_NULL_CONVERSION = YES;
				CLANG_WARN_OBJC_LITERAL_CONVERSION = YES;
				CLANG_WARN_OBJC_ROOT_CLASS = YES_ERROR;
				CLANG_WARN_RANGE_LOOP_ANALYSIS = YES;
				CLANG_WARN_STRICT_PROTOTYPES = YES;
				CLANG_WARN_SUSPICIOUS_MOVE = YES;
				CLANG_WARN_SUSPICIOUS_MOVES = YES;
				CLANG_WARN_UNREACHABLE_CODE = YES;
				CLANG_WARN__DUPLICATE_METHOD_MATCH = YES;
				CODE_SIGN_IDENTITY = "Mac Developer";
				COPY_PHASE_STRIP = YES;
				DEAD_CODE_STRIPPING = YES;
				DEBUG_INFORMATION_FORMAT = "dwarf-with-dsym";
				DEVELOPMENT_TEAM = 628J9L7WK5;
				ENABLE_NS_ASSERTIONS = NO;
				ENABLE_STRICT_OBJC_MSGSEND = YES;
				GCC_C_LANGUAGE_STANDARD = c11;
				GCC_NO_COMMON_BLOCKS = YES;
				GCC_OPTIMIZATION_LEVEL = s;
				GCC_WARN_64_TO_32_BIT_CONVERSION = NO;
				GCC_WARN_ABOUT_RETURN_TYPE = YES_ERROR;
				GCC_WARN_UNDECLARED_SELECTOR = YES;
				GCC_WARN_UNINITIALIZED_AUTOS = YES_AGGRESSIVE;
				GCC_WARN_UNUSED_FUNCTION = YES;
				GCC_WARN_UNUSED_VARIABLE = YES;
				IPHONEOS_DEPLOYMENT_TARGET = 9.3;
				LLVM_LTO = YES;
				MACOSX_DEPLOYMENT_TARGET = 10.10;
				MTL_ENABLE_DEBUG_INFO = NO;
				OTHER_CFLAGS = (
					"-fvectorize",
					"-funroll-loops",
					"-ferror-limit=1024",
					"-Wall",
					"-Wextra",
					"-pedantic",
					"-Weverything",
				);
				SDKROOT = macosx;
				SUPPORTED_PLATFORMS = "macosx iphoneos";
				VALID_ARCHS = "arm64 x86_64";
			};
			name = Release;
		};
/* End XCBuildConfiguration section */

/* Begin XCConfigurationList section */
		2C30655A1E809042009F1A54 /* Build configuration list for PBXNativeTarget "libPCM" */ = {
			isa = XCConfigurationList;
			buildConfigurations = (
				2C30655B1E809042009F1A54 /* Debug */,
				2C30655C1E809042009F1A54 /* Release */,
			);
			defaultConfigurationIsVisible = 0;
			defaultConfigurationName = Release;
		};
		2CD232251EB0ECDD005E4D8C /* Build configuration list for PBXNativeTarget "TrimSilence" */ = {
			isa = XCConfigurationList;
			buildConfigurations = (
				2CD232261EB0ECDD005E4D8C /* Debug */,
				2CD232271EB0ECDD005E4D8C /* Release */,
			);
			defaultConfigurationIsVisible = 0;
			defaultConfigurationName = Release;
		};
		2CE851721DA99758004F3B90 /* Build configuration list for PBXProject "libPCM" */ = {
			isa = XCConfigurationList;
			buildConfigurations = (
				2CE851791DA99758004F3B90 /* Debug */,
				2CE8517A1DA99758004F3B90 /* Release */,
			);
			defaultConfigurationIsVisible = 0;
			defaultConfigurationName = Release;
		};
/* End XCConfigurationList section */
	};
	rootObject = 2CE8516F1DA99758004F3B90 /* Project object */;
}
