// !$*UTF8*$!
{
	archiveVersion = 1;
	classes = {
	};
	objectVersion = 48;
	objects = {

/* Begin PBXBuildFile section */
		2CBA98D41FC26D8E00AED24F /* libPCM.a in Frameworks */ = {isa = PBXBuildFile; fileRef = 2CBA98911FC26AC200AED24F /* libPCM.a */; };
		2CBA98D81FC26DED00AED24F /* TrimSilence.c in Sources */ = {isa = PBXBuildFile; fileRef = 2CBA98D71FC26DED00AED24F /* TrimSilence.c */; };
		2CBA98DA1FC26E0A00AED24F /* libPCM.c in Sources */ = {isa = PBXBuildFile; fileRef = 2CBA98D91FC26E0A00AED24F /* libPCM.c */; };
		2CBA98E11FC26E1C00AED24F /* AIFDecoder.c in Sources */ = {isa = PBXBuildFile; fileRef = 2CBA98DB1FC26E1C00AED24F /* AIFDecoder.c */; };
		2CBA98E21FC26E1C00AED24F /* AIFEncoder.c in Sources */ = {isa = PBXBuildFile; fileRef = 2CBA98DC1FC26E1C00AED24F /* AIFEncoder.c */; };
		2CBA98E31FC26E1C00AED24F /* W64Decoder.c in Sources */ = {isa = PBXBuildFile; fileRef = 2CBA98DD1FC26E1C00AED24F /* W64Decoder.c */; };
		2CBA98E41FC26E1C00AED24F /* WAVDecoder.c in Sources */ = {isa = PBXBuildFile; fileRef = 2CBA98DE1FC26E1C00AED24F /* WAVDecoder.c */; };
		2CBA98E51FC26E1C00AED24F /* WAVEncoder.c in Sources */ = {isa = PBXBuildFile; fileRef = 2CBA98DF1FC26E1C00AED24F /* WAVEncoder.c */; };
		2CBA98E61FC26E1C00AED24F /* W64Encoder.c in Sources */ = {isa = PBXBuildFile; fileRef = 2CBA98E01FC26E1C00AED24F /* W64Encoder.c */; };
		2CBA98EB1FC26E2C00AED24F /* BMPEncoder.c in Sources */ = {isa = PBXBuildFile; fileRef = 2CBA98E71FC26E2C00AED24F /* BMPEncoder.c */; };
		2CBA98EC1FC26E2C00AED24F /* PXMEncoder.c in Sources */ = {isa = PBXBuildFile; fileRef = 2CBA98E81FC26E2C00AED24F /* PXMEncoder.c */; };
		2CBA98ED1FC26E2C00AED24F /* PXMDecoder.c in Sources */ = {isa = PBXBuildFile; fileRef = 2CBA98E91FC26E2C00AED24F /* PXMDecoder.c */; };
		2CBA98EE1FC26E2C00AED24F /* BMPDecoder.c in Sources */ = {isa = PBXBuildFile; fileRef = 2CBA98EA1FC26E2C00AED24F /* BMPDecoder.c */; };
		2CBA98F01FC26E4000AED24F /* libPCM.h in Headers */ = {isa = PBXBuildFile; fileRef = 2CBA98EF1FC26E4000AED24F /* libPCM.h */; };
		2CBA98F21FC26E4F00AED24F /* libPCMTypes.h in Headers */ = {isa = PBXBuildFile; fileRef = 2CBA98F11FC26E4F00AED24F /* libPCMTypes.h */; };
		2CBA98F61FC26E6000AED24F /* W64Common.h in Headers */ = {isa = PBXBuildFile; fileRef = 2CBA98F31FC26E6000AED24F /* W64Common.h */; };
		2CBA98F71FC26E6000AED24F /* WAVCommon.h in Headers */ = {isa = PBXBuildFile; fileRef = 2CBA98F41FC26E6000AED24F /* WAVCommon.h */; };
		2CBA98F81FC26E6000AED24F /* AIFCommon.h in Headers */ = {isa = PBXBuildFile; fileRef = 2CBA98F51FC26E6000AED24F /* AIFCommon.h */; };
		2CBA98FB1FC26E6E00AED24F /* PXMCommon.h in Headers */ = {isa = PBXBuildFile; fileRef = 2CBA98F91FC26E6E00AED24F /* PXMCommon.h */; };
		2CBA98FC1FC26E6E00AED24F /* BMPCommon.h in Headers */ = {isa = PBXBuildFile; fileRef = 2CBA98FA1FC26E6E00AED24F /* BMPCommon.h */; };
		2CBA99031FC26ECE00AED24F /* libBitIO.a in Frameworks */ = {isa = PBXBuildFile; fileRef = 2CBA99021FC26EA400AED24F /* libBitIO.a */; };
/* End PBXBuildFile section */

/* Begin PBXContainerItemProxy section */
		2CBA99011FC26EA400AED24F /* PBXContainerItemProxy */ = {
			isa = PBXContainerItemProxy;
			containerPortal = 2CBA98FD1FC26EA400AED24F /* BitIO.xcodeproj */;
			proxyType = 2;
			remoteGlobalIDString = 2C419FD51E5B00CC00FC804F;
			remoteInfo = libBitIO;
		};
/* End PBXContainerItemProxy section */

/* Begin PBXCopyFilesBuildPhase section */
		2CBA98841FC26A8900AED24F /* CopyFiles */ = {
			isa = PBXCopyFilesBuildPhase;
			buildActionMask = 2147483647;
			dstPath = /usr/share/man/man1/;
			dstSubfolderSpec = 0;
			files = (
			);
			runOnlyForDeploymentPostprocessing = 1;
		};
/* End PBXCopyFilesBuildPhase section */

/* Begin PBXFileReference section */
		2CBA98861FC26A8900AED24F /* TrimSilence */ = {isa = PBXFileReference; explicitFileType = "compiled.mach-o.executable"; includeInIndex = 0; path = TrimSilence; sourceTree = BUILT_PRODUCTS_DIR; };
		2CBA98911FC26AC200AED24F /* libPCM.a */ = {isa = PBXFileReference; explicitFileType = archive.ar; includeInIndex = 0; path = libPCM.a; sourceTree = BUILT_PRODUCTS_DIR; };
		2CBA98D71FC26DED00AED24F /* TrimSilence.c */ = {isa = PBXFileReference; fileEncoding = 4; lastKnownFileType = sourcecode.c.c; name = TrimSilence.c; path = ../TrimSilence/TrimSilence.c; sourceTree = "<group>"; };
		2CBA98D91FC26E0A00AED24F /* libPCM.c */ = {isa = PBXFileReference; fileEncoding = 4; lastKnownFileType = sourcecode.c.c; name = libPCM.c; path = ../libPCM/src/libPCM.c; sourceTree = "<group>"; };
		2CBA98DB1FC26E1C00AED24F /* AIFDecoder.c */ = {isa = PBXFileReference; fileEncoding = 4; lastKnownFileType = sourcecode.c.c; name = AIFDecoder.c; path = ../libPCM/src/Audio/AIFDecoder.c; sourceTree = "<group>"; };
		2CBA98DC1FC26E1C00AED24F /* AIFEncoder.c */ = {isa = PBXFileReference; fileEncoding = 4; lastKnownFileType = sourcecode.c.c; name = AIFEncoder.c; path = ../libPCM/src/Audio/AIFEncoder.c; sourceTree = "<group>"; };
		2CBA98DD1FC26E1C00AED24F /* W64Decoder.c */ = {isa = PBXFileReference; fileEncoding = 4; lastKnownFileType = sourcecode.c.c; name = W64Decoder.c; path = ../libPCM/src/Audio/W64Decoder.c; sourceTree = "<group>"; };
		2CBA98DE1FC26E1C00AED24F /* WAVDecoder.c */ = {isa = PBXFileReference; fileEncoding = 4; lastKnownFileType = sourcecode.c.c; name = WAVDecoder.c; path = ../libPCM/src/Audio/WAVDecoder.c; sourceTree = "<group>"; };
		2CBA98DF1FC26E1C00AED24F /* WAVEncoder.c */ = {isa = PBXFileReference; fileEncoding = 4; lastKnownFileType = sourcecode.c.c; name = WAVEncoder.c; path = ../libPCM/src/Audio/WAVEncoder.c; sourceTree = "<group>"; };
		2CBA98E01FC26E1C00AED24F /* W64Encoder.c */ = {isa = PBXFileReference; fileEncoding = 4; lastKnownFileType = sourcecode.c.c; name = W64Encoder.c; path = ../libPCM/src/Audio/W64Encoder.c; sourceTree = "<group>"; };
		2CBA98E71FC26E2C00AED24F /* BMPEncoder.c */ = {isa = PBXFileReference; fileEncoding = 4; lastKnownFileType = sourcecode.c.c; name = BMPEncoder.c; path = ../libPCM/src/Image/BMPEncoder.c; sourceTree = "<group>"; };
		2CBA98E81FC26E2C00AED24F /* PXMEncoder.c */ = {isa = PBXFileReference; fileEncoding = 4; lastKnownFileType = sourcecode.c.c; name = PXMEncoder.c; path = ../libPCM/src/Image/PXMEncoder.c; sourceTree = "<group>"; };
		2CBA98E91FC26E2C00AED24F /* PXMDecoder.c */ = {isa = PBXFileReference; fileEncoding = 4; lastKnownFileType = sourcecode.c.c; name = PXMDecoder.c; path = ../libPCM/src/Image/PXMDecoder.c; sourceTree = "<group>"; };
		2CBA98EA1FC26E2C00AED24F /* BMPDecoder.c */ = {isa = PBXFileReference; fileEncoding = 4; lastKnownFileType = sourcecode.c.c; name = BMPDecoder.c; path = ../libPCM/src/Image/BMPDecoder.c; sourceTree = "<group>"; };
		2CBA98EF1FC26E4000AED24F /* libPCM.h */ = {isa = PBXFileReference; fileEncoding = 4; lastKnownFileType = sourcecode.c.h; name = libPCM.h; path = ../libPCM/include/libPCM.h; sourceTree = "<group>"; };
		2CBA98F11FC26E4F00AED24F /* libPCMTypes.h */ = {isa = PBXFileReference; fileEncoding = 4; lastKnownFileType = sourcecode.c.h; name = libPCMTypes.h; path = ../libPCM/include/Private/libPCMTypes.h; sourceTree = "<group>"; };
		2CBA98F31FC26E6000AED24F /* W64Common.h */ = {isa = PBXFileReference; fileEncoding = 4; lastKnownFileType = sourcecode.c.h; name = W64Common.h; path = ../libPCM/include/Private/Audio/W64Common.h; sourceTree = "<group>"; };
		2CBA98F41FC26E6000AED24F /* WAVCommon.h */ = {isa = PBXFileReference; fileEncoding = 4; lastKnownFileType = sourcecode.c.h; name = WAVCommon.h; path = ../libPCM/include/Private/Audio/WAVCommon.h; sourceTree = "<group>"; };
		2CBA98F51FC26E6000AED24F /* AIFCommon.h */ = {isa = PBXFileReference; fileEncoding = 4; lastKnownFileType = sourcecode.c.h; name = AIFCommon.h; path = ../libPCM/include/Private/Audio/AIFCommon.h; sourceTree = "<group>"; };
		2CBA98F91FC26E6E00AED24F /* PXMCommon.h */ = {isa = PBXFileReference; fileEncoding = 4; lastKnownFileType = sourcecode.c.h; name = PXMCommon.h; path = ../libPCM/include/Private/Image/PXMCommon.h; sourceTree = "<group>"; };
		2CBA98FA1FC26E6E00AED24F /* BMPCommon.h */ = {isa = PBXFileReference; fileEncoding = 4; lastKnownFileType = sourcecode.c.h; name = BMPCommon.h; path = ../libPCM/include/Private/Image/BMPCommon.h; sourceTree = "<group>"; };
		2CBA98FD1FC26EA400AED24F /* BitIO.xcodeproj */ = {isa = PBXFileReference; lastKnownFileType = "wrapper.pb-project"; name = BitIO.xcodeproj; path = ../Dependencies/BitIO/Projects/BitIO.xcodeproj; sourceTree = "<group>"; };
/* End PBXFileReference section */

/* Begin PBXFrameworksBuildPhase section */
		2CBA98831FC26A8900AED24F /* Frameworks */ = {
			isa = PBXFrameworksBuildPhase;
			buildActionMask = 2147483647;
			files = (
				2CBA98D41FC26D8E00AED24F /* libPCM.a in Frameworks */,
			);
			runOnlyForDeploymentPostprocessing = 0;
		};
		2CBA988E1FC26AC200AED24F /* Frameworks */ = {
			isa = PBXFrameworksBuildPhase;
			buildActionMask = 2147483647;
			files = (
				2CBA99031FC26ECE00AED24F /* libBitIO.a in Frameworks */,
			);
			runOnlyForDeploymentPostprocessing = 0;
		};
/* End PBXFrameworksBuildPhase section */

/* Begin PBXGroup section */
		2CBA986F1FC26A6000AED24F = {
			isa = PBXGroup;
			children = (
				2CBA98D11FC26D8800AED24F /* Frameworks */,
				2CBA98C31FC26BA200AED24F /* Dependencies */,
				2CBA98971FC26AF800AED24F /* libPCM */,
				2CBA98D61FC26DD100AED24F /* TrimSilence */,
				2CBA98791FC26A6000AED24F /* Products */,
			);
			sourceTree = "<group>";
		};
		2CBA98791FC26A6000AED24F /* Products */ = {
			isa = PBXGroup;
			children = (
				2CBA98861FC26A8900AED24F /* TrimSilence */,
				2CBA98911FC26AC200AED24F /* libPCM.a */,
			);
			name = Products;
			sourceTree = "<group>";
		};
		2CBA98971FC26AF800AED24F /* libPCM */ = {
			isa = PBXGroup;
			children = (
				2CBA98991FC26B0400AED24F /* Headers */,
				2CBA98981FC26AFE00AED24F /* Source */,
			);
			name = libPCM;
			sourceTree = "<group>";
		};
		2CBA98981FC26AFE00AED24F /* Source */ = {
			isa = PBXGroup;
			children = (
				2CBA98D91FC26E0A00AED24F /* libPCM.c */,
				2CBA989B1FC26B1A00AED24F /* Audio */,
				2CBA989A1FC26B1100AED24F /* Image */,
			);
			name = Source;
			sourceTree = "<group>";
		};
		2CBA98991FC26B0400AED24F /* Headers */ = {
			isa = PBXGroup;
			children = (
				2CBA98EF1FC26E4000AED24F /* libPCM.h */,
				2CBA98B21FC26B4F00AED24F /* Private */,
			);
			name = Headers;
			sourceTree = "<group>";
		};
		2CBA989A1FC26B1100AED24F /* Image */ = {
			isa = PBXGroup;
			children = (
				2CBA98EA1FC26E2C00AED24F /* BMPDecoder.c */,
				2CBA98E71FC26E2C00AED24F /* BMPEncoder.c */,
				2CBA98E91FC26E2C00AED24F /* PXMDecoder.c */,
				2CBA98E81FC26E2C00AED24F /* PXMEncoder.c */,
			);
			name = Image;
			sourceTree = "<group>";
		};
		2CBA989B1FC26B1A00AED24F /* Audio */ = {
			isa = PBXGroup;
			children = (
				2CBA98DB1FC26E1C00AED24F /* AIFDecoder.c */,
				2CBA98DC1FC26E1C00AED24F /* AIFEncoder.c */,
				2CBA98DD1FC26E1C00AED24F /* W64Decoder.c */,
				2CBA98E01FC26E1C00AED24F /* W64Encoder.c */,
				2CBA98DE1FC26E1C00AED24F /* WAVDecoder.c */,
				2CBA98DF1FC26E1C00AED24F /* WAVEncoder.c */,
			);
			name = Audio;
			sourceTree = "<group>";
		};
		2CBA98B21FC26B4F00AED24F /* Private */ = {
			isa = PBXGroup;
			children = (
				2CBA98F11FC26E4F00AED24F /* libPCMTypes.h */,
				2CBA98B41FC26B6100AED24F /* Audio */,
				2CBA98B31FC26B5900AED24F /* Image */,
			);
			name = Private;
			sourceTree = "<group>";
		};
		2CBA98B31FC26B5900AED24F /* Image */ = {
			isa = PBXGroup;
			children = (
				2CBA98FA1FC26E6E00AED24F /* BMPCommon.h */,
				2CBA98F91FC26E6E00AED24F /* PXMCommon.h */,
			);
			name = Image;
			sourceTree = "<group>";
		};
		2CBA98B41FC26B6100AED24F /* Audio */ = {
			isa = PBXGroup;
			children = (
				2CBA98F51FC26E6000AED24F /* AIFCommon.h */,
				2CBA98F31FC26E6000AED24F /* W64Common.h */,
				2CBA98F41FC26E6000AED24F /* WAVCommon.h */,
			);
			name = Audio;
			sourceTree = "<group>";
		};
		2CBA98C31FC26BA200AED24F /* Dependencies */ = {
			isa = PBXGroup;
			children = (
				2CBA98FD1FC26EA400AED24F /* BitIO.xcodeproj */,
			);
			name = Dependencies;
			sourceTree = "<group>";
		};
		2CBA98D11FC26D8800AED24F /* Frameworks */ = {
			isa = PBXGroup;
			children = (
			);
			name = Frameworks;
			sourceTree = "<group>";
		};
		2CBA98D61FC26DD100AED24F /* TrimSilence */ = {
			isa = PBXGroup;
			children = (
				2CBA98D71FC26DED00AED24F /* TrimSilence.c */,
			);
			name = TrimSilence;
			sourceTree = "<group>";
		};
		2CBA98FE1FC26EA400AED24F /* Products */ = {
			isa = PBXGroup;
			children = (
				2CBA99021FC26EA400AED24F /* libBitIO.a */,
			);
			name = Products;
			sourceTree = "<group>";
		};
/* End PBXGroup section */

/* Begin PBXHeadersBuildPhase section */
		2CBA988F1FC26AC200AED24F /* Headers */ = {
			isa = PBXHeadersBuildPhase;
			buildActionMask = 2147483647;
			files = (
				2CBA98F21FC26E4F00AED24F /* libPCMTypes.h in Headers */,
				2CBA98F01FC26E4000AED24F /* libPCM.h in Headers */,
				2CBA98FC1FC26E6E00AED24F /* BMPCommon.h in Headers */,
				2CBA98F81FC26E6000AED24F /* AIFCommon.h in Headers */,
				2CBA98FB1FC26E6E00AED24F /* PXMCommon.h in Headers */,
				2CBA98F61FC26E6000AED24F /* W64Common.h in Headers */,
				2CBA98F71FC26E6000AED24F /* WAVCommon.h in Headers */,
			);
			runOnlyForDeploymentPostprocessing = 0;
		};
/* End PBXHeadersBuildPhase section */

/* Begin PBXNativeTarget section */
		2CBA98851FC26A8900AED24F /* TrimSilence */ = {
			isa = PBXNativeTarget;
			buildConfigurationList = 2CBA988A1FC26A8900AED24F /* Build configuration list for PBXNativeTarget "TrimSilence" */;
			buildPhases = (
				2CBA98821FC26A8900AED24F /* Sources */,
				2CBA98831FC26A8900AED24F /* Frameworks */,
				2CBA98841FC26A8900AED24F /* CopyFiles */,
			);
			buildRules = (
			);
			dependencies = (
			);
			name = TrimSilence;
			productName = TrimSilence;
			productReference = 2CBA98861FC26A8900AED24F /* TrimSilence */;
			productType = "com.apple.product-type.tool";
		};
		2CBA98901FC26AC200AED24F /* libPCM */ = {
			isa = PBXNativeTarget;
			buildConfigurationList = 2CBA98921FC26AC200AED24F /* Build configuration list for PBXNativeTarget "libPCM" */;
			buildPhases = (
				2CBA988D1FC26AC200AED24F /* Sources */,
				2CBA988E1FC26AC200AED24F /* Frameworks */,
				2CBA988F1FC26AC200AED24F /* Headers */,
			);
			buildRules = (
			);
			dependencies = (
			);
			name = libPCM;
			productName = libPCM;
			productReference = 2CBA98911FC26AC200AED24F /* libPCM.a */;
			productType = "com.apple.product-type.library.static";
		};
/* End PBXNativeTarget section */

/* Begin PBXProject section */
		2CBA98701FC26A6000AED24F /* Project object */ = {
			isa = PBXProject;
			attributes = {
				LastUpgradeCheck = 0910;
				ORGANIZATIONNAME = "Marcus Johnson";
				TargetAttributes = {
					2CBA98851FC26A8900AED24F = {
						CreatedOnToolsVersion = 9.1;
						ProvisioningStyle = Automatic;
					};
					2CBA98901FC26AC200AED24F = {
						CreatedOnToolsVersion = 9.1;
						ProvisioningStyle = Automatic;
					};
				};
			};
			buildConfigurationList = 2CBA98731FC26A6000AED24F /* Build configuration list for PBXProject "libPCM" */;
			compatibilityVersion = "Xcode 8.0";
			developmentRegion = en;
			hasScannedForEncodings = 0;
			knownRegions = (
				en,
			);
			mainGroup = 2CBA986F1FC26A6000AED24F;
			productRefGroup = 2CBA98791FC26A6000AED24F /* Products */;
			projectDirPath = "";
			projectReferences = (
				{
					ProductGroup = 2CBA98FE1FC26EA400AED24F /* Products */;
					ProjectRef = 2CBA98FD1FC26EA400AED24F /* BitIO.xcodeproj */;
				},
			);
			projectRoot = "";
			targets = (
				2CBA98901FC26AC200AED24F /* libPCM */,
				2CBA98851FC26A8900AED24F /* TrimSilence */,
			);
		};
/* End PBXProject section */

/* Begin PBXReferenceProxy section */
		2CBA99021FC26EA400AED24F /* libBitIO.a */ = {
			isa = PBXReferenceProxy;
			fileType = archive.ar;
			path = libBitIO.a;
			remoteRef = 2CBA99011FC26EA400AED24F /* PBXContainerItemProxy */;
			sourceTree = BUILT_PRODUCTS_DIR;
		};
/* End PBXReferenceProxy section */

/* Begin PBXSourcesBuildPhase section */
		2CBA98821FC26A8900AED24F /* Sources */ = {
			isa = PBXSourcesBuildPhase;
			buildActionMask = 2147483647;
			files = (
				2CBA98D81FC26DED00AED24F /* TrimSilence.c in Sources */,
			);
			runOnlyForDeploymentPostprocessing = 0;
		};
		2CBA988D1FC26AC200AED24F /* Sources */ = {
			isa = PBXSourcesBuildPhase;
			buildActionMask = 2147483647;
			files = (
				2CBA98EC1FC26E2C00AED24F /* PXMEncoder.c in Sources */,
				2CBA98DA1FC26E0A00AED24F /* libPCM.c in Sources */,
				2CBA98ED1FC26E2C00AED24F /* PXMDecoder.c in Sources */,
				2CBA98E61FC26E1C00AED24F /* W64Encoder.c in Sources */,
				2CBA98E51FC26E1C00AED24F /* WAVEncoder.c in Sources */,
				2CBA98E21FC26E1C00AED24F /* AIFEncoder.c in Sources */,
				2CBA98EB1FC26E2C00AED24F /* BMPEncoder.c in Sources */,
				2CBA98E31FC26E1C00AED24F /* W64Decoder.c in Sources */,
				2CBA98EE1FC26E2C00AED24F /* BMPDecoder.c in Sources */,
				2CBA98E41FC26E1C00AED24F /* WAVDecoder.c in Sources */,
				2CBA98E11FC26E1C00AED24F /* AIFDecoder.c in Sources */,
			);
			runOnlyForDeploymentPostprocessing = 0;
		};
/* End PBXSourcesBuildPhase section */

/* Begin XCBuildConfiguration section */
		2CBA987D1FC26A6000AED24F /* Debug */ = {
			isa = XCBuildConfiguration;
			buildSettings = {
				ALWAYS_SEARCH_USER_PATHS = NO;
				APPLY_RULES_IN_COPY_FILES = YES;
				CLANG_ANALYZER_NONNULL = YES;
				CLANG_ANALYZER_NUMBER_OBJECT_CONVERSION = NO;
				CLANG_ANALYZER_SECURITY_FLOATLOOPCOUNTER = YES;
				CLANG_ANALYZER_SECURITY_INSECUREAPI_RAND = YES;
				CLANG_ANALYZER_SECURITY_INSECUREAPI_STRCPY = YES;
				CLANG_CXX_LANGUAGE_STANDARD = "c++14";
				CLANG_CXX_LIBRARY = "libc++";
				CLANG_ENABLE_MODULES = YES;
				CLANG_ENABLE_OBJC_ARC = YES;
				CLANG_UNDEFINED_BEHAVIOR_SANITIZER_INTEGER = YES;
				CLANG_UNDEFINED_BEHAVIOR_SANITIZER_NULLABILITY = YES;
				CLANG_WARN_ASSIGN_ENUM = YES;
				CLANG_WARN_BLOCK_CAPTURE_AUTORELEASING = YES;
				CLANG_WARN_BOOL_CONVERSION = YES;
				CLANG_WARN_COMMA = YES;
				CLANG_WARN_CONSTANT_CONVERSION = NO;
				CLANG_WARN_CXX0X_EXTENSIONS = YES;
				CLANG_WARN_DIRECT_OBJC_ISA_USAGE = YES_ERROR;
				CLANG_WARN_DOCUMENTATION_COMMENTS = YES;
				CLANG_WARN_EMPTY_BODY = YES;
				CLANG_WARN_ENUM_CONVERSION = YES;
				CLANG_WARN_IMPLICIT_SIGN_CONVERSION = YES;
				CLANG_WARN_INFINITE_RECURSION = YES;
				CLANG_WARN_INT_CONVERSION = YES;
				CLANG_WARN_NON_LITERAL_NULL_CONVERSION = YES;
				CLANG_WARN_OBJC_LITERAL_CONVERSION = YES;
				CLANG_WARN_OBJC_ROOT_CLASS = YES_ERROR;
				CLANG_WARN_RANGE_LOOP_ANALYSIS = YES;
				CLANG_WARN_STRICT_PROTOTYPES = YES;
				CLANG_WARN_SUSPICIOUS_IMPLICIT_CONVERSION = YES;
				CLANG_WARN_SUSPICIOUS_MOVE = YES;
				CLANG_WARN_SUSPICIOUS_MOVES = YES;
				CLANG_WARN_UNREACHABLE_CODE = YES;
				CLANG_WARN__DUPLICATE_METHOD_MATCH = YES;
				CODE_SIGN_IDENTITY = "Mac Developer";
				COMPILER_INDEX_STORE_ENABLE = YES;
				COPY_PHASE_STRIP = NO;
				DEAD_CODE_STRIPPING = NO;
				DEBUG_INFORMATION_FORMAT = "dwarf-with-dsym";
				DEPLOYMENT_POSTPROCESSING = NO;
				DEVELOPMENT_TEAM = 628J9L7WK5;
				ENABLE_STRICT_OBJC_MSGSEND = YES;
				ENABLE_TESTABILITY = YES;
				GCC_CHAR_IS_UNSIGNED_CHAR = YES;
				GCC_CW_ASM_SYNTAX = NO;
				GCC_C_LANGUAGE_STANDARD = c11;
				GCC_DYNAMIC_NO_PIC = NO;
				GCC_INPUT_FILETYPE = sourcecode.c.c;
				GCC_LINK_WITH_DYNAMIC_LIBRARIES = NO;
				GCC_NO_COMMON_BLOCKS = YES;
				GCC_OPTIMIZATION_LEVEL = 0;
				GCC_PREPROCESSOR_DEFINITIONS = (
					"DEBUG=1",
					"$(inherited)",
				);
				GCC_SHORT_ENUMS = YES;
				GCC_TREAT_IMPLICIT_FUNCTION_DECLARATIONS_AS_ERRORS = YES;
				GCC_TREAT_INCOMPATIBLE_POINTER_TYPE_WARNINGS_AS_ERRORS = YES;
				GCC_UNROLL_LOOPS = YES;
				GCC_WARN_64_TO_32_BIT_CONVERSION = NO;
				GCC_WARN_ABOUT_MISSING_FIELD_INITIALIZERS = YES;
				GCC_WARN_ABOUT_MISSING_NEWLINE = YES;
				GCC_WARN_ABOUT_MISSING_PROTOTYPES = YES;
				GCC_WARN_ABOUT_RETURN_TYPE = YES_ERROR;
				GCC_WARN_INITIALIZER_NOT_FULLY_BRACKETED = YES;
				GCC_WARN_PEDANTIC = YES;
				GCC_WARN_SHADOW = YES;
				GCC_WARN_SIGN_COMPARE = YES;
				GCC_WARN_UNDECLARED_SELECTOR = YES;
				GCC_WARN_UNINITIALIZED_AUTOS = YES_AGGRESSIVE;
				GCC_WARN_UNKNOWN_PRAGMAS = YES;
				GCC_WARN_UNUSED_FUNCTION = YES;
				GCC_WARN_UNUSED_LABEL = YES;
				GCC_WARN_UNUSED_PARAMETER = YES;
				GCC_WARN_UNUSED_VARIABLE = YES;
				GENERATE_PROFILING_CODE = YES;
				INFOPLIST_OUTPUT_FORMAT = binary;
				IPHONEOS_DEPLOYMENT_TARGET = 9.3;
				LLVM_LTO = YES;
				MACOSX_DEPLOYMENT_TARGET = 10.10;
				MTL_ENABLE_DEBUG_INFO = YES;
				ONLY_ACTIVE_ARCH = YES;
				OTHER_CFLAGS = "";
				PLIST_FILE_OUTPUT_FORMAT = binary;
				RUN_CLANG_STATIC_ANALYZER = YES;
				SCAN_ALL_SOURCE_FILES_FOR_INCLUDES = YES;
				SDKROOT = macosx;
				STRINGS_FILE_OUTPUT_ENCODING = binary;
				STRIP_INSTALLED_PRODUCT = NO;
				SUPPORTED_PLATFORMS = "macosx iphoneos";
				VALID_ARCHS = "arm64 x86_64";
				WARNING_CFLAGS = (
					"-Weverything",
					"-ferror-limit=1024",
				);
			};
			name = Debug;
		};
		2CBA987E1FC26A6000AED24F /* Release */ = {
			isa = XCBuildConfiguration;
			buildSettings = {
				ALWAYS_SEARCH_USER_PATHS = NO;
				APPLY_RULES_IN_COPY_FILES = YES;
				CLANG_ANALYZER_NONNULL = YES;
				CLANG_ANALYZER_NUMBER_OBJECT_CONVERSION = NO;
				CLANG_ANALYZER_SECURITY_FLOATLOOPCOUNTER = YES;
				CLANG_ANALYZER_SECURITY_INSECUREAPI_RAND = YES;
				CLANG_ANALYZER_SECURITY_INSECUREAPI_STRCPY = YES;
				CLANG_CXX_LANGUAGE_STANDARD = "c++14";
				CLANG_CXX_LIBRARY = "libc++";
				CLANG_ENABLE_MODULES = YES;
				CLANG_ENABLE_OBJC_ARC = YES;
				CLANG_UNDEFINED_BEHAVIOR_SANITIZER_INTEGER = NO;
				CLANG_UNDEFINED_BEHAVIOR_SANITIZER_NULLABILITY = NO;
				CLANG_WARN_ASSIGN_ENUM = YES;
				CLANG_WARN_BLOCK_CAPTURE_AUTORELEASING = YES;
				CLANG_WARN_BOOL_CONVERSION = YES;
				CLANG_WARN_COMMA = YES;
				CLANG_WARN_CONSTANT_CONVERSION = NO;
				CLANG_WARN_CXX0X_EXTENSIONS = YES;
				CLANG_WARN_DIRECT_OBJC_ISA_USAGE = YES_ERROR;
				CLANG_WARN_DOCUMENTATION_COMMENTS = YES;
				CLANG_WARN_EMPTY_BODY = YES;
				CLANG_WARN_ENUM_CONVERSION = YES;
				CLANG_WARN_IMPLICIT_SIGN_CONVERSION = YES;
				CLANG_WARN_INFINITE_RECURSION = YES;
				CLANG_WARN_INT_CONVERSION = YES;
				CLANG_WARN_NON_LITERAL_NULL_CONVERSION = YES;
				CLANG_WARN_OBJC_LITERAL_CONVERSION = YES;
				CLANG_WARN_OBJC_ROOT_CLASS = YES_ERROR;
				CLANG_WARN_RANGE_LOOP_ANALYSIS = YES;
				CLANG_WARN_STRICT_PROTOTYPES = YES;
				CLANG_WARN_SUSPICIOUS_IMPLICIT_CONVERSION = YES;
				CLANG_WARN_SUSPICIOUS_MOVE = YES;
				CLANG_WARN_SUSPICIOUS_MOVES = YES;
				CLANG_WARN_UNREACHABLE_CODE = YES;
				CLANG_WARN__DUPLICATE_METHOD_MATCH = YES;
				CODE_SIGN_IDENTITY = "Mac Developer";
				COMPILER_INDEX_STORE_ENABLE = YES;
				COPY_PHASE_STRIP = YES;
				DEAD_CODE_STRIPPING = YES;
				DEBUG_INFORMATION_FORMAT = dwarf;
				DEPLOYMENT_POSTPROCESSING = YES;
				DEVELOPMENT_TEAM = 628J9L7WK5;
				ENABLE_NS_ASSERTIONS = NO;
				ENABLE_STRICT_OBJC_MSGSEND = YES;
				GCC_CHAR_IS_UNSIGNED_CHAR = YES;
				GCC_CW_ASM_SYNTAX = NO;
				GCC_C_LANGUAGE_STANDARD = c11;
				GCC_GENERATE_DEBUGGING_SYMBOLS = NO;
				GCC_INPUT_FILETYPE = sourcecode.c.c;
				GCC_LINK_WITH_DYNAMIC_LIBRARIES = NO;
				GCC_NO_COMMON_BLOCKS = YES;
				GCC_OPTIMIZATION_LEVEL = s;
				GCC_SHORT_ENUMS = YES;
				GCC_TREAT_IMPLICIT_FUNCTION_DECLARATIONS_AS_ERRORS = YES;
				GCC_TREAT_INCOMPATIBLE_POINTER_TYPE_WARNINGS_AS_ERRORS = YES;
				GCC_UNROLL_LOOPS = YES;
				GCC_WARN_64_TO_32_BIT_CONVERSION = NO;
				GCC_WARN_ABOUT_MISSING_FIELD_INITIALIZERS = YES;
				GCC_WARN_ABOUT_MISSING_NEWLINE = YES;
				GCC_WARN_ABOUT_MISSING_PROTOTYPES = YES;
				GCC_WARN_ABOUT_RETURN_TYPE = YES_ERROR;
				GCC_WARN_INITIALIZER_NOT_FULLY_BRACKETED = YES;
				GCC_WARN_PEDANTIC = YES;
				GCC_WARN_SHADOW = YES;
				GCC_WARN_SIGN_COMPARE = YES;
				GCC_WARN_UNDECLARED_SELECTOR = YES;
				GCC_WARN_UNINITIALIZED_AUTOS = YES_AGGRESSIVE;
				GCC_WARN_UNKNOWN_PRAGMAS = YES;
				GCC_WARN_UNUSED_FUNCTION = YES;
				GCC_WARN_UNUSED_LABEL = YES;
				GCC_WARN_UNUSED_PARAMETER = YES;
				GCC_WARN_UNUSED_VARIABLE = YES;
				INFOPLIST_OUTPUT_FORMAT = binary;
				IPHONEOS_DEPLOYMENT_TARGET = 9.3;
				LLVM_LTO = YES;
				MACOSX_DEPLOYMENT_TARGET = 10.10;
				MTL_ENABLE_DEBUG_INFO = NO;
				OTHER_CFLAGS = "";
				PLIST_FILE_OUTPUT_FORMAT = binary;
				RUN_CLANG_STATIC_ANALYZER = YES;
				SCAN_ALL_SOURCE_FILES_FOR_INCLUDES = YES;
				SDKROOT = macosx;
				STRINGS_FILE_OUTPUT_ENCODING = binary;
				SUPPORTED_PLATFORMS = "macosx iphoneos";
				VALIDATE_PRODUCT = YES;
				VALID_ARCHS = "arm64 x86_64";
				WARNING_CFLAGS = (
					"-Weverything",
					"-ferror-limit=1024",
				);
			};
			name = Release;
		};
		2CBA988B1FC26A8900AED24F /* Debug */ = {
			isa = XCBuildConfiguration;
			buildSettings = {
				CODE_SIGN_IDENTITY = "Mac Developer";
				CODE_SIGN_STYLE = Automatic;
				DEVELOPMENT_TEAM = 628J9L7WK5;
				MACOSX_DEPLOYMENT_TARGET = 10.10;
				PRODUCT_NAME = "$(TARGET_NAME)";
				PROVISIONING_PROFILE_SPECIFIER = "";
			};
			name = Debug;
		};
		2CBA988C1FC26A8900AED24F /* Release */ = {
			isa = XCBuildConfiguration;
			buildSettings = {
				CODE_SIGN_IDENTITY = "Mac Developer";
				CODE_SIGN_STYLE = Automatic;
				DEVELOPMENT_TEAM = 628J9L7WK5;
				MACOSX_DEPLOYMENT_TARGET = 10.10;
				PRODUCT_NAME = "$(TARGET_NAME)";
				PROVISIONING_PROFILE_SPECIFIER = "";
			};
			name = Release;
		};
		2CBA98931FC26AC200AED24F /* Debug */ = {
			isa = XCBuildConfiguration;
			buildSettings = {
				CODE_SIGN_STYLE = Automatic;
				EXECUTABLE_PREFIX = "";
				PRODUCT_NAME = "$(TARGET_NAME)";
			};
			name = Debug;
		};
		2CBA98941FC26AC200AED24F /* Release */ = {
			isa = XCBuildConfiguration;
			buildSettings = {
				CODE_SIGN_STYLE = Automatic;
				EXECUTABLE_PREFIX = "";
				PRODUCT_NAME = "$(TARGET_NAME)";
			};
			name = Release;
		};
/* End XCBuildConfiguration section */

/* Begin XCConfigurationList section */
		2CBA98731FC26A6000AED24F /* Build configuration list for PBXProject "libPCM" */ = {
			isa = XCConfigurationList;
			buildConfigurations = (
				2CBA987D1FC26A6000AED24F /* Debug */,
				2CBA987E1FC26A6000AED24F /* Release */,
			);
			defaultConfigurationIsVisible = 0;
			defaultConfigurationName = Release;
		};
		2CBA988A1FC26A8900AED24F /* Build configuration list for PBXNativeTarget "TrimSilence" */ = {
			isa = XCConfigurationList;
			buildConfigurations = (
				2CBA988B1FC26A8900AED24F /* Debug */,
				2CBA988C1FC26A8900AED24F /* Release */,
			);
			defaultConfigurationIsVisible = 0;
			defaultConfigurationName = Release;
		};
		2CBA98921FC26AC200AED24F /* Build configuration list for PBXNativeTarget "libPCM" */ = {
			isa = XCConfigurationList;
			buildConfigurations = (
				2CBA98931FC26AC200AED24F /* Debug */,
				2CBA98941FC26AC200AED24F /* Release */,
			);
			defaultConfigurationIsVisible = 0;
			defaultConfigurationName = Release;
		};
/* End XCConfigurationList section */
	};
	rootObject = 2CBA98701FC26A6000AED24F /* Project object */;
}
